// !$*UTF8*$!
{
	archiveVersion = 1;
	classes = {
	};
	objectVersion = 56;
	objects = {

/* Begin PBXBuildFile section */
		128284342B81FCCD00E3E084 /* LoginViewModel.swift in Sources */ = {isa = PBXBuildFile; fileRef = 128284332B81FCCD00E3E084 /* LoginViewModel.swift */; };
		129457E82BA18719005EFA4D /* ActiveTripView.swift in Sources */ = {isa = PBXBuildFile; fileRef = 129457E72BA18719005EFA4D /* ActiveTripView.swift */; };
		129458092BA95DA5005EFA4D /* ActiveTripViewModel.swift in Sources */ = {isa = PBXBuildFile; fileRef = 129458082BA95DA5005EFA4D /* ActiveTripViewModel.swift */; };
		24246BE82B97ED690028DAAF /* ItineraryView.swift in Sources */ = {isa = PBXBuildFile; fileRef = 24246BD32B97ED690028DAAF /* ItineraryView.swift */; };
		24246BE92B97ED690028DAAF /* AddPlaceView.swift in Sources */ = {isa = PBXBuildFile; fileRef = 24246BD42B97ED690028DAAF /* AddPlaceView.swift */; };
		24246BEA2B97ED690028DAAF /* NoteView.swift in Sources */ = {isa = PBXBuildFile; fileRef = 24246BD62B97ED690028DAAF /* NoteView.swift */; };
		24246BEB2B97ED690028DAAF /* FoodPopupView.swift in Sources */ = {isa = PBXBuildFile; fileRef = 24246BD72B97ED690028DAAF /* FoodPopupView.swift */; };
		24246BEC2B97ED690028DAAF /* OverviewView.swift in Sources */ = {isa = PBXBuildFile; fileRef = 24246BD82B97ED690028DAAF /* OverviewView.swift */; };
		24246BED2B97ED690028DAAF /* HousingPopupView.swift in Sources */ = {isa = PBXBuildFile; fileRef = 24246BD92B97ED690028DAAF /* HousingPopupView.swift */; };
		24246BEE2B97ED690028DAAF /* ExpensesView.swift in Sources */ = {isa = PBXBuildFile; fileRef = 24246BDB2B97ED690028DAAF /* ExpensesView.swift */; };
		24246BEF2B97ED690028DAAF /* AddNewExpenseView.swift in Sources */ = {isa = PBXBuildFile; fileRef = 24246BDC2B97ED690028DAAF /* AddNewExpenseView.swift */; };
		24246BF02B97ED690028DAAF /* SettingsView.swift in Sources */ = {isa = PBXBuildFile; fileRef = 24246BDE2B97ED690028DAAF /* SettingsView.swift */; };
		24246BF12B97ED690028DAAF /* HomeView.swift in Sources */ = {isa = PBXBuildFile; fileRef = 24246BDF2B97ED690028DAAF /* HomeView.swift */; };
		24246BF22B97ED690028DAAF /* DestinationSearchView.swift in Sources */ = {isa = PBXBuildFile; fileRef = 24246BE02B97ED690028DAAF /* DestinationSearchView.swift */; };
		24246BF32B97ED690028DAAF /* NewTripView.swift in Sources */ = {isa = PBXBuildFile; fileRef = 24246BE12B97ED690028DAAF /* NewTripView.swift */; };
		24246BF42B97ED690028DAAF /* MyTripsView.swift in Sources */ = {isa = PBXBuildFile; fileRef = 24246BE22B97ED690028DAAF /* MyTripsView.swift */; };
		24246BF52B97ED690028DAAF /* LoginView.swift in Sources */ = {isa = PBXBuildFile; fileRef = 24246BE42B97ED690028DAAF /* LoginView.swift */; };
		24246BF62B97ED690028DAAF /* VerificationView.swift in Sources */ = {isa = PBXBuildFile; fileRef = 24246BE52B97ED690028DAAF /* VerificationView.swift */; };
		24246BF82B97ED690028DAAF /* AlertView.swift in Sources */ = {isa = PBXBuildFile; fileRef = 24246BE72B97ED690028DAAF /* AlertView.swift */; };
		24246BFB2B97EE290028DAAF /* MapView.swift in Sources */ = {isa = PBXBuildFile; fileRef = 24246BF92B97EE290028DAAF /* MapView.swift */; };
		24246BFC2B97EE290028DAAF /* RootView.swift in Sources */ = {isa = PBXBuildFile; fileRef = 24246BFA2B97EE290028DAAF /* RootView.swift */; };
		24AD39C42B982C42005223D7 /* PhoneNumberKit in Frameworks */ = {isa = PBXBuildFile; productRef = 24AD39C32B982C42005223D7 /* PhoneNumberKit */; };
		3C51D0BC2BA2DC1700BAC49F /* apiCallsViewModel.swift in Sources */ = {isa = PBXBuildFile; fileRef = 3C51D0BB2BA2DC1700BAC49F /* apiCallsViewModel.swift */; };
		3C51D0BE2BA2DC3A00BAC49F /* testAPICallsView.swift in Sources */ = {isa = PBXBuildFile; fileRef = 3C51D0BD2BA2DC3A00BAC49F /* testAPICallsView.swift */; };
		3C6F6DA02BA6B9A90059DD9D /* SetBudgetView.swift in Sources */ = {isa = PBXBuildFile; fileRef = 3C6F6D9F2BA6B9A90059DD9D /* SetBudgetView.swift */; };
		3CE48FD12B9D324900710CCA /* ExpensesViewModel.swift in Sources */ = {isa = PBXBuildFile; fileRef = 3CE48FD02B9D324900710CCA /* ExpensesViewModel.swift */; };
		8935A4262B7F496200F62185 /* TripletApp.swift in Sources */ = {isa = PBXBuildFile; fileRef = 8935A4252B7F496200F62185 /* TripletApp.swift */; };
		8935A42A2B7F496300F62185 /* Assets.xcassets in Resources */ = {isa = PBXBuildFile; fileRef = 8935A4292B7F496300F62185 /* Assets.xcassets */; };
		8935A42D2B7F496300F62185 /* Preview Assets.xcassets in Resources */ = {isa = PBXBuildFile; fileRef = 8935A42C2B7F496300F62185 /* Preview Assets.xcassets */; };
		89621B062B915053006C0848 /* MyTripsViewModel.swift in Sources */ = {isa = PBXBuildFile; fileRef = 89621B052B915053006C0848 /* MyTripsViewModel.swift */; };
		8971A0B22BA64093007B82CE /* AuthenticationModel.swift in Sources */ = {isa = PBXBuildFile; fileRef = 8971A0B12BA64093007B82CE /* AuthenticationModel.swift */; };
		89B3F3BA2B8FA7C600D79E5D /* Poppins-Regular.ttf in Resources */ = {isa = PBXBuildFile; fileRef = 89B3F3AB2B8FA70100D79E5D /* Poppins-Regular.ttf */; };
		89B9FFC62B9ABF4D005C530A /* Launch Screen.storyboard in Resources */ = {isa = PBXBuildFile; fileRef = 89B9FFC52B9ABF4D005C530A /* Launch Screen.storyboard */; };
		89B9FFC92B9ABFA3005C530A /* FirebaseAnalytics in Frameworks */ = {isa = PBXBuildFile; productRef = 89B9FFC82B9ABFA3005C530A /* FirebaseAnalytics */; };
		89B9FFCB2B9ABFA3005C530A /* FirebaseAnalyticsOnDeviceConversion in Frameworks */ = {isa = PBXBuildFile; productRef = 89B9FFCA2B9ABFA3005C530A /* FirebaseAnalyticsOnDeviceConversion */; };
		89B9FFCD2B9ABFA3005C530A /* FirebaseAnalyticsSwift in Frameworks */ = {isa = PBXBuildFile; productRef = 89B9FFCC2B9ABFA3005C530A /* FirebaseAnalyticsSwift */; };
		89B9FFCF2B9ABFA3005C530A /* FirebaseAnalyticsWithoutAdIdSupport in Frameworks */ = {isa = PBXBuildFile; productRef = 89B9FFCE2B9ABFA3005C530A /* FirebaseAnalyticsWithoutAdIdSupport */; };
		89B9FFD12B9ABFA3005C530A /* FirebaseAppCheck in Frameworks */ = {isa = PBXBuildFile; productRef = 89B9FFD02B9ABFA3005C530A /* FirebaseAppCheck */; };
		89B9FFD32B9ABFA3005C530A /* FirebaseAppDistribution-Beta in Frameworks */ = {isa = PBXBuildFile; productRef = 89B9FFD22B9ABFA3005C530A /* FirebaseAppDistribution-Beta */; };
		89B9FFD52B9ABFA3005C530A /* FirebaseAuth in Frameworks */ = {isa = PBXBuildFile; productRef = 89B9FFD42B9ABFA3005C530A /* FirebaseAuth */; };
		89B9FFD72B9ABFA3005C530A /* FirebaseAuthCombine-Community in Frameworks */ = {isa = PBXBuildFile; productRef = 89B9FFD62B9ABFA3005C530A /* FirebaseAuthCombine-Community */; };
		89B9FFD92B9ABFA3005C530A /* FirebaseCrashlytics in Frameworks */ = {isa = PBXBuildFile; productRef = 89B9FFD82B9ABFA3005C530A /* FirebaseCrashlytics */; };
		89B9FFDB2B9ABFA3005C530A /* FirebaseDatabase in Frameworks */ = {isa = PBXBuildFile; productRef = 89B9FFDA2B9ABFA3005C530A /* FirebaseDatabase */; };
		89B9FFDD2B9ABFA3005C530A /* FirebaseDatabaseSwift in Frameworks */ = {isa = PBXBuildFile; productRef = 89B9FFDC2B9ABFA3005C530A /* FirebaseDatabaseSwift */; };
		89B9FFDF2B9ABFA3005C530A /* FirebaseDynamicLinks in Frameworks */ = {isa = PBXBuildFile; productRef = 89B9FFDE2B9ABFA3005C530A /* FirebaseDynamicLinks */; };
		89B9FFE12B9ABFA3005C530A /* FirebaseFirestore in Frameworks */ = {isa = PBXBuildFile; productRef = 89B9FFE02B9ABFA3005C530A /* FirebaseFirestore */; };
		89B9FFE32B9ABFA3005C530A /* FirebaseFirestoreCombine-Community in Frameworks */ = {isa = PBXBuildFile; productRef = 89B9FFE22B9ABFA3005C530A /* FirebaseFirestoreCombine-Community */; };
		89B9FFE52B9ABFA3005C530A /* FirebaseFirestoreSwift in Frameworks */ = {isa = PBXBuildFile; productRef = 89B9FFE42B9ABFA3005C530A /* FirebaseFirestoreSwift */; };
		89B9FFE72B9ABFA3005C530A /* FirebaseFunctions in Frameworks */ = {isa = PBXBuildFile; productRef = 89B9FFE62B9ABFA3005C530A /* FirebaseFunctions */; };
		89B9FFE92B9ABFA3005C530A /* FirebaseFunctionsCombine-Community in Frameworks */ = {isa = PBXBuildFile; productRef = 89B9FFE82B9ABFA3005C530A /* FirebaseFunctionsCombine-Community */; };
		89B9FFEB2B9ABFA3005C530A /* FirebaseInAppMessaging-Beta in Frameworks */ = {isa = PBXBuildFile; productRef = 89B9FFEA2B9ABFA3005C530A /* FirebaseInAppMessaging-Beta */; };
		89B9FFED2B9ABFA3005C530A /* FirebaseInAppMessagingSwift-Beta in Frameworks */ = {isa = PBXBuildFile; productRef = 89B9FFEC2B9ABFA3005C530A /* FirebaseInAppMessagingSwift-Beta */; };
		89B9FFEF2B9ABFA3005C530A /* FirebaseInstallations in Frameworks */ = {isa = PBXBuildFile; productRef = 89B9FFEE2B9ABFA3005C530A /* FirebaseInstallations */; };
		89B9FFF12B9ABFA3005C530A /* FirebaseMLModelDownloader in Frameworks */ = {isa = PBXBuildFile; productRef = 89B9FFF02B9ABFA3005C530A /* FirebaseMLModelDownloader */; };
		89B9FFF32B9ABFA3005C530A /* FirebaseMessaging in Frameworks */ = {isa = PBXBuildFile; productRef = 89B9FFF22B9ABFA3005C530A /* FirebaseMessaging */; };
		89B9FFF52B9ABFA3005C530A /* FirebasePerformance in Frameworks */ = {isa = PBXBuildFile; productRef = 89B9FFF42B9ABFA3005C530A /* FirebasePerformance */; };
		89B9FFF72B9ABFA3005C530A /* FirebaseRemoteConfig in Frameworks */ = {isa = PBXBuildFile; productRef = 89B9FFF62B9ABFA3005C530A /* FirebaseRemoteConfig */; };
		89B9FFF92B9ABFA3005C530A /* FirebaseRemoteConfigSwift in Frameworks */ = {isa = PBXBuildFile; productRef = 89B9FFF82B9ABFA3005C530A /* FirebaseRemoteConfigSwift */; };
		89B9FFFB2B9ABFA3005C530A /* FirebaseStorage in Frameworks */ = {isa = PBXBuildFile; productRef = 89B9FFFA2B9ABFA3005C530A /* FirebaseStorage */; };
		89B9FFFD2B9ABFA3005C530A /* FirebaseStorageCombine-Community in Frameworks */ = {isa = PBXBuildFile; productRef = 89B9FFFC2B9ABFA3005C530A /* FirebaseStorageCombine-Community */; };
		89BAE34C2BA25876009A710B /* TripView.swift in Sources */ = {isa = PBXBuildFile; fileRef = 89BAE34B2BA25876009A710B /* TripView.swift */; };
		89BDCE442B8FAE8E00C69895 /* TripModel.swift in Sources */ = {isa = PBXBuildFile; fileRef = 89BDCE432B8FAE8E00C69895 /* TripModel.swift */; };
		89BDCE462B8FAEB100C69895 /* OverviewViewModel.swift in Sources */ = {isa = PBXBuildFile; fileRef = 89BDCE452B8FAEB100C69895 /* OverviewViewModel.swift */; };
		89BDCE4F2B8FAF1500C69895 /* PopupView in Frameworks */ = {isa = PBXBuildFile; productRef = 89BDCE4E2B8FAF1500C69895 /* PopupView */; };
		89BDCE522B8FAF6D00C69895 /* ScalingHeaderScrollView in Frameworks */ = {isa = PBXBuildFile; productRef = 89BDCE512B8FAF6D00C69895 /* ScalingHeaderScrollView */; };
		89BDCE542B8FAFCF00C69895 /* DestinationViewModel.swift in Sources */ = {isa = PBXBuildFile; fileRef = 89BDCE532B8FAFCF00C69895 /* DestinationViewModel.swift */; };
		89BDCE562B8FAFF500C69895 /* LocationSearchService.swift in Sources */ = {isa = PBXBuildFile; fileRef = 89BDCE552B8FAFF500C69895 /* LocationSearchService.swift */; };
		89BDCE682B8FB37600C69895 /* ItineraryViewModel.swift in Sources */ = {isa = PBXBuildFile; fileRef = 89BDCE672B8FB37600C69895 /* ItineraryViewModel.swift */; };
		89BDCE6A2B8FB3C800C69895 /* LandmarkModel.swift in Sources */ = {isa = PBXBuildFile; fileRef = 89BDCE692B8FB3C800C69895 /* LandmarkModel.swift */; };
		89BDCE702B8FB45600C69895 /* LocationManagerService.swift in Sources */ = {isa = PBXBuildFile; fileRef = 89BDCE6F2B8FB45600C69895 /* LocationManagerService.swift */; };
		89C1396D2B8FF0CB00DEE0CD /* Poppins-Medium.ttf in Resources */ = {isa = PBXBuildFile; fileRef = 89BDCE742B8FE28A00C69895 /* Poppins-Medium.ttf */; };
		89C1396E2B8FF0CB00DEE0CD /* Poppins-Bold.ttf in Resources */ = {isa = PBXBuildFile; fileRef = 89BDCE732B8FE26500C69895 /* Poppins-Bold.ttf */; };
		89D806552BA4F4F800654DBC /* TripViewModel.swift in Sources */ = {isa = PBXBuildFile; fileRef = 89D806542BA4F4F800654DBC /* TripViewModel.swift */; };
		89D8065B2BA5084F00654DBC /* HeaderHelpers.swift in Sources */ = {isa = PBXBuildFile; fileRef = 89D8065A2BA5084F00654DBC /* HeaderHelpers.swift */; };
		89D8065E2BA50B0900654DBC /* DateHelpers.swift in Sources */ = {isa = PBXBuildFile; fileRef = 89D8065D2BA50B0900654DBC /* DateHelpers.swift */; };
		9255451B2BA2F33F007D9A94 /* AnimatedTabBar in Frameworks */ = {isa = PBXBuildFile; productRef = 9255451A2BA2F33F007D9A94 /* AnimatedTabBar */; };
		92C713CE2BAC135D0067534E /* GoogleService-Info.plist in Resources */ = {isa = PBXBuildFile; fileRef = 92C713CD2BAC135D0067534E /* GoogleService-Info.plist */; };
		92CA7FD02BAC18F6000AF37E /* AboutUs.swift in Sources */ = {isa = PBXBuildFile; fileRef = 92CA7FCF2BAC18F6000AF37E /* AboutUs.swift */; };
/* End PBXBuildFile section */

/* Begin PBXFileReference section */
		128284332B81FCCD00E3E084 /* LoginViewModel.swift */ = {isa = PBXFileReference; lastKnownFileType = sourcecode.swift; path = LoginViewModel.swift; sourceTree = "<group>"; };
		129457E72BA18719005EFA4D /* ActiveTripView.swift */ = {isa = PBXFileReference; lastKnownFileType = sourcecode.swift; path = ActiveTripView.swift; sourceTree = "<group>"; };
		129458082BA95DA5005EFA4D /* ActiveTripViewModel.swift */ = {isa = PBXFileReference; lastKnownFileType = sourcecode.swift; path = ActiveTripViewModel.swift; sourceTree = "<group>"; };
		24246BD32B97ED690028DAAF /* ItineraryView.swift */ = {isa = PBXFileReference; fileEncoding = 4; lastKnownFileType = sourcecode.swift; path = ItineraryView.swift; sourceTree = "<group>"; };
		24246BD42B97ED690028DAAF /* AddPlaceView.swift */ = {isa = PBXFileReference; fileEncoding = 4; lastKnownFileType = sourcecode.swift; path = AddPlaceView.swift; sourceTree = "<group>"; };
		24246BD62B97ED690028DAAF /* NoteView.swift */ = {isa = PBXFileReference; fileEncoding = 4; lastKnownFileType = sourcecode.swift; path = NoteView.swift; sourceTree = "<group>"; };
		24246BD72B97ED690028DAAF /* FoodPopupView.swift */ = {isa = PBXFileReference; fileEncoding = 4; lastKnownFileType = sourcecode.swift; path = FoodPopupView.swift; sourceTree = "<group>"; };
		24246BD82B97ED690028DAAF /* OverviewView.swift */ = {isa = PBXFileReference; fileEncoding = 4; lastKnownFileType = sourcecode.swift; path = OverviewView.swift; sourceTree = "<group>"; };
		24246BD92B97ED690028DAAF /* HousingPopupView.swift */ = {isa = PBXFileReference; fileEncoding = 4; lastKnownFileType = sourcecode.swift; path = HousingPopupView.swift; sourceTree = "<group>"; };
		24246BDB2B97ED690028DAAF /* ExpensesView.swift */ = {isa = PBXFileReference; fileEncoding = 4; lastKnownFileType = sourcecode.swift; path = ExpensesView.swift; sourceTree = "<group>"; };
		24246BDC2B97ED690028DAAF /* AddNewExpenseView.swift */ = {isa = PBXFileReference; fileEncoding = 4; lastKnownFileType = sourcecode.swift; path = AddNewExpenseView.swift; sourceTree = "<group>"; };
		24246BDE2B97ED690028DAAF /* SettingsView.swift */ = {isa = PBXFileReference; fileEncoding = 4; lastKnownFileType = sourcecode.swift; path = SettingsView.swift; sourceTree = "<group>"; };
		24246BDF2B97ED690028DAAF /* HomeView.swift */ = {isa = PBXFileReference; fileEncoding = 4; lastKnownFileType = sourcecode.swift; path = HomeView.swift; sourceTree = "<group>"; };
		24246BE02B97ED690028DAAF /* DestinationSearchView.swift */ = {isa = PBXFileReference; fileEncoding = 4; lastKnownFileType = sourcecode.swift; path = DestinationSearchView.swift; sourceTree = "<group>"; };
		24246BE12B97ED690028DAAF /* NewTripView.swift */ = {isa = PBXFileReference; fileEncoding = 4; lastKnownFileType = sourcecode.swift; path = NewTripView.swift; sourceTree = "<group>"; };
		24246BE22B97ED690028DAAF /* MyTripsView.swift */ = {isa = PBXFileReference; fileEncoding = 4; lastKnownFileType = sourcecode.swift; path = MyTripsView.swift; sourceTree = "<group>"; };
		24246BE42B97ED690028DAAF /* LoginView.swift */ = {isa = PBXFileReference; fileEncoding = 4; lastKnownFileType = sourcecode.swift; path = LoginView.swift; sourceTree = "<group>"; };
		24246BE52B97ED690028DAAF /* VerificationView.swift */ = {isa = PBXFileReference; fileEncoding = 4; lastKnownFileType = sourcecode.swift; path = VerificationView.swift; sourceTree = "<group>"; };
		24246BE72B97ED690028DAAF /* AlertView.swift */ = {isa = PBXFileReference; fileEncoding = 4; lastKnownFileType = sourcecode.swift; path = AlertView.swift; sourceTree = "<group>"; };
		24246BF92B97EE290028DAAF /* MapView.swift */ = {isa = PBXFileReference; fileEncoding = 4; lastKnownFileType = sourcecode.swift; path = MapView.swift; sourceTree = "<group>"; };
		24246BFA2B97EE290028DAAF /* RootView.swift */ = {isa = PBXFileReference; fileEncoding = 4; lastKnownFileType = sourcecode.swift; path = RootView.swift; sourceTree = "<group>"; };
		3C51D0BB2BA2DC1700BAC49F /* apiCallsViewModel.swift */ = {isa = PBXFileReference; lastKnownFileType = sourcecode.swift; path = apiCallsViewModel.swift; sourceTree = "<group>"; };
		3C51D0BD2BA2DC3A00BAC49F /* testAPICallsView.swift */ = {isa = PBXFileReference; lastKnownFileType = sourcecode.swift; path = testAPICallsView.swift; sourceTree = "<group>"; };
		3C587C0B2BAAB52A00500390 /* APIConfig.xcconfig */ = {isa = PBXFileReference; lastKnownFileType = text.xcconfig; path = APIConfig.xcconfig; sourceTree = "<group>"; };
		3C6F6D9F2BA6B9A90059DD9D /* SetBudgetView.swift */ = {isa = PBXFileReference; lastKnownFileType = sourcecode.swift; path = SetBudgetView.swift; sourceTree = "<group>"; };
		3CE48FD02B9D324900710CCA /* ExpensesViewModel.swift */ = {isa = PBXFileReference; lastKnownFileType = sourcecode.swift; path = ExpensesViewModel.swift; sourceTree = "<group>"; };
		89031F572B80012800282C88 /* Info.plist */ = {isa = PBXFileReference; lastKnownFileType = text.plist; path = Info.plist; sourceTree = "<group>"; };
		8935A4252B7F496200F62185 /* TripletApp.swift */ = {isa = PBXFileReference; lastKnownFileType = sourcecode.swift; path = TripletApp.swift; sourceTree = "<group>"; };
		8935A4292B7F496300F62185 /* Assets.xcassets */ = {isa = PBXFileReference; lastKnownFileType = folder.assetcatalog; path = Assets.xcassets; sourceTree = "<group>"; };
		8935A42C2B7F496300F62185 /* Preview Assets.xcassets */ = {isa = PBXFileReference; lastKnownFileType = folder.assetcatalog; path = "Preview Assets.xcassets"; sourceTree = "<group>"; };
		89621B052B915053006C0848 /* MyTripsViewModel.swift */ = {isa = PBXFileReference; lastKnownFileType = sourcecode.swift; path = MyTripsViewModel.swift; sourceTree = "<group>"; };
		8971A0B12BA64093007B82CE /* AuthenticationModel.swift */ = {isa = PBXFileReference; lastKnownFileType = sourcecode.swift; path = AuthenticationModel.swift; sourceTree = "<group>"; };
		89B3F3AB2B8FA70100D79E5D /* Poppins-Regular.ttf */ = {isa = PBXFileReference; lastKnownFileType = file; path = "Poppins-Regular.ttf"; sourceTree = "<group>"; };
		89B9FFC52B9ABF4D005C530A /* Launch Screen.storyboard */ = {isa = PBXFileReference; fileEncoding = 4; lastKnownFileType = file.storyboard; path = "Launch Screen.storyboard"; sourceTree = "<group>"; };
		89BAE34B2BA25876009A710B /* TripView.swift */ = {isa = PBXFileReference; lastKnownFileType = sourcecode.swift; path = TripView.swift; sourceTree = "<group>"; };
		89BDCE432B8FAE8E00C69895 /* TripModel.swift */ = {isa = PBXFileReference; lastKnownFileType = sourcecode.swift; path = TripModel.swift; sourceTree = "<group>"; };
		89BDCE452B8FAEB100C69895 /* OverviewViewModel.swift */ = {isa = PBXFileReference; lastKnownFileType = sourcecode.swift; path = OverviewViewModel.swift; sourceTree = "<group>"; };
		89BDCE532B8FAFCF00C69895 /* DestinationViewModel.swift */ = {isa = PBXFileReference; lastKnownFileType = sourcecode.swift; path = DestinationViewModel.swift; sourceTree = "<group>"; };
		89BDCE552B8FAFF500C69895 /* LocationSearchService.swift */ = {isa = PBXFileReference; lastKnownFileType = sourcecode.swift; path = LocationSearchService.swift; sourceTree = "<group>"; };
		89BDCE672B8FB37600C69895 /* ItineraryViewModel.swift */ = {isa = PBXFileReference; lastKnownFileType = sourcecode.swift; path = ItineraryViewModel.swift; sourceTree = "<group>"; };
		89BDCE692B8FB3C800C69895 /* LandmarkModel.swift */ = {isa = PBXFileReference; lastKnownFileType = sourcecode.swift; path = LandmarkModel.swift; sourceTree = "<group>"; };
		89BDCE6F2B8FB45600C69895 /* LocationManagerService.swift */ = {isa = PBXFileReference; lastKnownFileType = sourcecode.swift; path = LocationManagerService.swift; sourceTree = "<group>"; };
		89BDCE732B8FE26500C69895 /* Poppins-Bold.ttf */ = {isa = PBXFileReference; lastKnownFileType = file; path = "Poppins-Bold.ttf"; sourceTree = "<group>"; };
		89BDCE742B8FE28A00C69895 /* Poppins-Medium.ttf */ = {isa = PBXFileReference; lastKnownFileType = file; path = "Poppins-Medium.ttf"; sourceTree = "<group>"; };
		89D806542BA4F4F800654DBC /* TripViewModel.swift */ = {isa = PBXFileReference; lastKnownFileType = sourcecode.swift; path = TripViewModel.swift; sourceTree = "<group>"; };
		89D8065A2BA5084F00654DBC /* HeaderHelpers.swift */ = {isa = PBXFileReference; lastKnownFileType = sourcecode.swift; path = HeaderHelpers.swift; sourceTree = "<group>"; };
		89D8065D2BA50B0900654DBC /* DateHelpers.swift */ = {isa = PBXFileReference; lastKnownFileType = sourcecode.swift; path = DateHelpers.swift; sourceTree = "<group>"; };
		92C713CD2BAC135D0067534E /* GoogleService-Info.plist */ = {isa = PBXFileReference; fileEncoding = 4; lastKnownFileType = text.plist.xml; name = "GoogleService-Info.plist"; path = "../../../Downloads/GoogleService-Info.plist"; sourceTree = "<group>"; };
		92CA7FCF2BAC18F6000AF37E /* AboutUs.swift */ = {isa = PBXFileReference; lastKnownFileType = sourcecode.swift; path = AboutUs.swift; sourceTree = "<group>"; };
		92FFAE522BA2EB960080CDD6 /* Triplet.app */ = {isa = PBXFileReference; explicitFileType = wrapper.application; includeInIndex = 0; path = Triplet.app; sourceTree = BUILT_PRODUCTS_DIR; };
/* End PBXFileReference section */

/* Begin PBXFrameworksBuildPhase section */
		8935A41F2B7F496200F62185 /* Frameworks */ = {
			isa = PBXFrameworksBuildPhase;
			buildActionMask = 2147483647;
			files = (
				89B9FFED2B9ABFA3005C530A /* FirebaseInAppMessagingSwift-Beta in Frameworks */,
				89B9FFDD2B9ABFA3005C530A /* FirebaseDatabaseSwift in Frameworks */,
				89B9FFDB2B9ABFA3005C530A /* FirebaseDatabase in Frameworks */,
				89B9FFF12B9ABFA3005C530A /* FirebaseMLModelDownloader in Frameworks */,
				89B9FFD12B9ABFA3005C530A /* FirebaseAppCheck in Frameworks */,
				89B9FFE92B9ABFA3005C530A /* FirebaseFunctionsCombine-Community in Frameworks */,
				89B9FFEF2B9ABFA3005C530A /* FirebaseInstallations in Frameworks */,
				89B9FFF32B9ABFA3005C530A /* FirebaseMessaging in Frameworks */,
				89B9FFD52B9ABFA3005C530A /* FirebaseAuth in Frameworks */,
				89B9FFF72B9ABFA3005C530A /* FirebaseRemoteConfig in Frameworks */,
				89B9FFCD2B9ABFA3005C530A /* FirebaseAnalyticsSwift in Frameworks */,
				89B9FFFB2B9ABFA3005C530A /* FirebaseStorage in Frameworks */,
				89B9FFF52B9ABFA3005C530A /* FirebasePerformance in Frameworks */,
				89B9FFE12B9ABFA3005C530A /* FirebaseFirestore in Frameworks */,
				89BDCE4F2B8FAF1500C69895 /* PopupView in Frameworks */,
				89B9FFEB2B9ABFA3005C530A /* FirebaseInAppMessaging-Beta in Frameworks */,
				9255451B2BA2F33F007D9A94 /* AnimatedTabBar in Frameworks */,
				89BDCE522B8FAF6D00C69895 /* ScalingHeaderScrollView in Frameworks */,
				89B9FFCB2B9ABFA3005C530A /* FirebaseAnalyticsOnDeviceConversion in Frameworks */,
				89B9FFF92B9ABFA3005C530A /* FirebaseRemoteConfigSwift in Frameworks */,
				89B9FFD72B9ABFA3005C530A /* FirebaseAuthCombine-Community in Frameworks */,
				89B9FFE72B9ABFA3005C530A /* FirebaseFunctions in Frameworks */,
				89B9FFCF2B9ABFA3005C530A /* FirebaseAnalyticsWithoutAdIdSupport in Frameworks */,
				89B9FFFD2B9ABFA3005C530A /* FirebaseStorageCombine-Community in Frameworks */,
				89B9FFE32B9ABFA3005C530A /* FirebaseFirestoreCombine-Community in Frameworks */,
				89B9FFC92B9ABFA3005C530A /* FirebaseAnalytics in Frameworks */,
				89B9FFD92B9ABFA3005C530A /* FirebaseCrashlytics in Frameworks */,
				24AD39C42B982C42005223D7 /* PhoneNumberKit in Frameworks */,
				89B9FFD32B9ABFA3005C530A /* FirebaseAppDistribution-Beta in Frameworks */,
				89B9FFDF2B9ABFA3005C530A /* FirebaseDynamicLinks in Frameworks */,
				89B9FFE52B9ABFA3005C530A /* FirebaseFirestoreSwift in Frameworks */,
			);
			runOnlyForDeploymentPostprocessing = 0;
		};
/* End PBXFrameworksBuildPhase section */

/* Begin PBXGroup section */
		128284142B81FAE500E3E084 /* ViewModels */ = {
			isa = PBXGroup;
			children = (
				3C51D0BB2BA2DC1700BAC49F /* apiCallsViewModel.swift */,
				3C51D0BD2BA2DC3A00BAC49F /* testAPICallsView.swift */,
			);
			path = ViewModels;
			sourceTree = "<group>";
		};
		8935A4192B7F496200F62185 = {
			isa = PBXGroup;
			children = (
				8935A4242B7F496200F62185 /* Triplet */,
				92FFAE522BA2EB960080CDD6 /* Triplet.app */,
			);
			sourceTree = "<group>";
		};
		8935A4242B7F496200F62185 /* Triplet */ = {
			isa = PBXGroup;
			children = (
				89D8064F2BA4F42A00654DBC /* Features */,
				89D806582BA5082D00654DBC /* Utilities */,
				89BAEF372BA791FA00CC0D5C /* Services */,
				89B3F3A12B8FA6DD00D79E5D /* Resources */,
				128284142B81FAE500E3E084 /* ViewModels */,
				24246BFA2B97EE290028DAAF /* RootView.swift */,
				8935A4252B7F496200F62185 /* TripletApp.swift */,
				89031F572B80012800282C88 /* Info.plist */,
				92C713CD2BAC135D0067534E /* GoogleService-Info.plist */,
				8935A4292B7F496300F62185 /* Assets.xcassets */,
				89B9FFC52B9ABF4D005C530A /* Launch Screen.storyboard */,
				8935A42B2B7F496300F62185 /* Preview Content */,
				3C587C0B2BAAB52A00500390 /* APIConfig.xcconfig */,
			);
			path = Triplet;
			sourceTree = "<group>";
		};
		8935A42B2B7F496300F62185 /* Preview Content */ = {
			isa = PBXGroup;
			children = (
				8935A42C2B7F496300F62185 /* Preview Assets.xcassets */,
			);
			path = "Preview Content";
			sourceTree = "<group>";
		};
		8957B6762BA50BE1005EDAA4 /* ActiveTrip */ = {
			isa = PBXGroup;
			children = (
				8957B6772BA50BF3005EDAA4 /* Views */,
			);
			path = ActiveTrip;
			sourceTree = "<group>";
		};
		8957B6772BA50BF3005EDAA4 /* Views */ = {
			isa = PBXGroup;
			children = (
				129457E72BA18719005EFA4D /* ActiveTripView.swift */,
				129458082BA95DA5005EFA4D /* ActiveTripViewModel.swift */,
			);
			path = Views;
			sourceTree = "<group>";
		};
		8957B6782BA50D8E005EDAA4 /* Itinerary */ = {
			isa = PBXGroup;
			children = (
				895F4BB12BA5152B003A2943 /* Views */,
				8957B6792BA50D9A005EDAA4 /* ViewModels */,
			);
			path = Itinerary;
			sourceTree = "<group>";
		};
		8957B6792BA50D9A005EDAA4 /* ViewModels */ = {
			isa = PBXGroup;
			children = (
				89BDCE672B8FB37600C69895 /* ItineraryViewModel.swift */,
			);
			path = ViewModels;
			sourceTree = "<group>";
		};
		895F4BB12BA5152B003A2943 /* Views */ = {
			isa = PBXGroup;
			children = (
				24246BD32B97ED690028DAAF /* ItineraryView.swift */,
				24246BD42B97ED690028DAAF /* AddPlaceView.swift */,
			);
			path = Views;
			sourceTree = "<group>";
		};
		895F4BB22BA51B01003A2943 /* Expenses */ = {
			isa = PBXGroup;
			children = (
				895F4BB42BA51C0D003A2943 /* ViewModels */,
				895F4BB32BA51B0D003A2943 /* Views */,
			);
			path = Expenses;
			sourceTree = "<group>";
		};
		895F4BB32BA51B0D003A2943 /* Views */ = {
			isa = PBXGroup;
			children = (
				24246BDC2B97ED690028DAAF /* AddNewExpenseView.swift */,
				24246BDB2B97ED690028DAAF /* ExpensesView.swift */,
				3C6F6D9F2BA6B9A90059DD9D /* SetBudgetView.swift */,
			);
			path = Views;
			sourceTree = "<group>";
		};
		895F4BB42BA51C0D003A2943 /* ViewModels */ = {
			isa = PBXGroup;
			children = (
				3CE48FD02B9D324900710CCA /* ExpensesViewModel.swift */,
			);
			path = ViewModels;
			sourceTree = "<group>";
		};
		8971A0AF2BA6406F007B82CE /* Login */ = {
			isa = PBXGroup;
			children = (
				8971A0B42BA65D6D007B82CE /* ViewModels */,
				8971A0B32BA65D58007B82CE /* Views */,
				8971A0B02BA6407A007B82CE /* Models */,
			);
			path = Login;
			sourceTree = "<group>";
		};
		8971A0B02BA6407A007B82CE /* Models */ = {
			isa = PBXGroup;
			children = (
				8971A0B12BA64093007B82CE /* AuthenticationModel.swift */,
			);
			path = Models;
			sourceTree = "<group>";
		};
		8971A0B32BA65D58007B82CE /* Views */ = {
			isa = PBXGroup;
			children = (
				24246BE42B97ED690028DAAF /* LoginView.swift */,
				24246BE52B97ED690028DAAF /* VerificationView.swift */,
				24246BE72B97ED690028DAAF /* AlertView.swift */,
			);
			path = Views;
			sourceTree = "<group>";
		};
		8971A0B42BA65D6D007B82CE /* ViewModels */ = {
			isa = PBXGroup;
			children = (
				128284332B81FCCD00E3E084 /* LoginViewModel.swift */,
			);
			path = ViewModels;
			sourceTree = "<group>";
		};
		8971A0B52BA65DFD007B82CE /* Home */ = {
			isa = PBXGroup;
			children = (
				8971A0B72BA65E2A007B82CE /* ViewModels */,
				8971A0B62BA65E04007B82CE /* Views */,
			);
			path = Home;
			sourceTree = "<group>";
		};
		8971A0B62BA65E04007B82CE /* Views */ = {
			isa = PBXGroup;
			children = (
				24246BDF2B97ED690028DAAF /* HomeView.swift */,
				24246BE22B97ED690028DAAF /* MyTripsView.swift */,
				24246BE12B97ED690028DAAF /* NewTripView.swift */,
				24246BE02B97ED690028DAAF /* DestinationSearchView.swift */,
				24246BDE2B97ED690028DAAF /* SettingsView.swift */,
				92CA7FCF2BAC18F6000AF37E /* AboutUs.swift */,
			);
			path = Views;
			sourceTree = "<group>";
		};
		8971A0B72BA65E2A007B82CE /* ViewModels */ = {
			isa = PBXGroup;
			children = (
				89621B052B915053006C0848 /* MyTripsViewModel.swift */,
				89BDCE532B8FAFCF00C69895 /* DestinationViewModel.swift */,
			);
			path = ViewModels;
			sourceTree = "<group>";
		};
		89B3F3A12B8FA6DD00D79E5D /* Resources */ = {
			isa = PBXGroup;
			children = (
				89B3F3A22B8FA6E900D79E5D /* Fonts */,
			);
			path = Resources;
			sourceTree = "<group>";
		};
		89B3F3A22B8FA6E900D79E5D /* Fonts */ = {
			isa = PBXGroup;
			children = (
				89B3F3AB2B8FA70100D79E5D /* Poppins-Regular.ttf */,
				89BDCE742B8FE28A00C69895 /* Poppins-Medium.ttf */,
				89BDCE732B8FE26500C69895 /* Poppins-Bold.ttf */,
			);
			path = Fonts;
			sourceTree = "<group>";
		};
		89BAEF372BA791FA00CC0D5C /* Services */ = {
			isa = PBXGroup;
			children = (
				89BDCE6F2B8FB45600C69895 /* LocationManagerService.swift */,
				89BDCE552B8FAFF500C69895 /* LocationSearchService.swift */,
			);
			path = Services;
			sourceTree = "<group>";
		};
		89D8064F2BA4F42A00654DBC /* Features */ = {
			isa = PBXGroup;
			children = (
				8971A0AF2BA6406F007B82CE /* Login */,
				8971A0B52BA65DFD007B82CE /* Home */,
				89D806502BA4F44400654DBC /* Trip */,
				8957B6762BA50BE1005EDAA4 /* ActiveTrip */,
				89D806562BA5025300654DBC /* Overview */,
				8957B6782BA50D8E005EDAA4 /* Itinerary */,
				895F4BB22BA51B01003A2943 /* Expenses */,
			);
			path = Features;
			sourceTree = "<group>";
		};
		89D806502BA4F44400654DBC /* Trip */ = {
			isa = PBXGroup;
			children = (
				89D806532BA4F4C700654DBC /* Models */,
				89D806522BA4F4B900654DBC /* ViewModels */,
				89D806512BA4F4B200654DBC /* Views */,
			);
			path = Trip;
			sourceTree = "<group>";
		};
		89D806512BA4F4B200654DBC /* Views */ = {
			isa = PBXGroup;
			children = (
				89BAE34B2BA25876009A710B /* TripView.swift */,
				24246BF92B97EE290028DAAF /* MapView.swift */,
			);
			path = Views;
			sourceTree = "<group>";
		};
		89D806522BA4F4B900654DBC /* ViewModels */ = {
			isa = PBXGroup;
			children = (
				89D806542BA4F4F800654DBC /* TripViewModel.swift */,
			);
			path = ViewModels;
			sourceTree = "<group>";
		};
		89D806532BA4F4C700654DBC /* Models */ = {
			isa = PBXGroup;
			children = (
				89BDCE432B8FAE8E00C69895 /* TripModel.swift */,
				89BDCE692B8FB3C800C69895 /* LandmarkModel.swift */,
			);
			path = Models;
			sourceTree = "<group>";
		};
		89D806562BA5025300654DBC /* Overview */ = {
			isa = PBXGroup;
			children = (
				89D8065C2BA50AD700654DBC /* ViewModels */,
				89D806572BA5025A00654DBC /* Views */,
			);
			path = Overview;
			sourceTree = "<group>";
		};
		89D806572BA5025A00654DBC /* Views */ = {
			isa = PBXGroup;
			children = (
				24246BD62B97ED690028DAAF /* NoteView.swift */,
				24246BD72B97ED690028DAAF /* FoodPopupView.swift */,
				24246BD82B97ED690028DAAF /* OverviewView.swift */,
				24246BD92B97ED690028DAAF /* HousingPopupView.swift */,
			);
			path = Views;
			sourceTree = "<group>";
		};
		89D806582BA5082D00654DBC /* Utilities */ = {
			isa = PBXGroup;
			children = (
				89D806592BA5083B00654DBC /* Helpers */,
			);
			path = Utilities;
			sourceTree = "<group>";
		};
		89D806592BA5083B00654DBC /* Helpers */ = {
			isa = PBXGroup;
			children = (
				89D8065A2BA5084F00654DBC /* HeaderHelpers.swift */,
				89D8065D2BA50B0900654DBC /* DateHelpers.swift */,
			);
			path = Helpers;
			sourceTree = "<group>";
		};
		89D8065C2BA50AD700654DBC /* ViewModels */ = {
			isa = PBXGroup;
			children = (
				89BDCE452B8FAEB100C69895 /* OverviewViewModel.swift */,
			);
			path = ViewModels;
			sourceTree = "<group>";
		};
/* End PBXGroup section */

/* Begin PBXNativeTarget section */
		8935A4212B7F496200F62185 /* Triplet */ = {
			isa = PBXNativeTarget;
			buildConfigurationList = 8935A4302B7F496300F62185 /* Build configuration list for PBXNativeTarget "Triplet" */;
			buildPhases = (
				8935A41E2B7F496200F62185 /* Sources */,
				8935A41F2B7F496200F62185 /* Frameworks */,
				8935A4202B7F496200F62185 /* Resources */,
			);
			buildRules = (
			);
			dependencies = (
			);
			name = Triplet;
			packageProductDependencies = (
				89BDCE4E2B8FAF1500C69895 /* PopupView */,
				89BDCE512B8FAF6D00C69895 /* ScalingHeaderScrollView */,
				24AD39C32B982C42005223D7 /* PhoneNumberKit */,
				89B9FFC82B9ABFA3005C530A /* FirebaseAnalytics */,
				89B9FFCA2B9ABFA3005C530A /* FirebaseAnalyticsOnDeviceConversion */,
				89B9FFCC2B9ABFA3005C530A /* FirebaseAnalyticsSwift */,
				89B9FFCE2B9ABFA3005C530A /* FirebaseAnalyticsWithoutAdIdSupport */,
				89B9FFD02B9ABFA3005C530A /* FirebaseAppCheck */,
				89B9FFD22B9ABFA3005C530A /* FirebaseAppDistribution-Beta */,
				89B9FFD42B9ABFA3005C530A /* FirebaseAuth */,
				89B9FFD62B9ABFA3005C530A /* FirebaseAuthCombine-Community */,
				89B9FFD82B9ABFA3005C530A /* FirebaseCrashlytics */,
				89B9FFDA2B9ABFA3005C530A /* FirebaseDatabase */,
				89B9FFDC2B9ABFA3005C530A /* FirebaseDatabaseSwift */,
				89B9FFDE2B9ABFA3005C530A /* FirebaseDynamicLinks */,
				89B9FFE02B9ABFA3005C530A /* FirebaseFirestore */,
				89B9FFE22B9ABFA3005C530A /* FirebaseFirestoreCombine-Community */,
				89B9FFE42B9ABFA3005C530A /* FirebaseFirestoreSwift */,
				89B9FFE62B9ABFA3005C530A /* FirebaseFunctions */,
				89B9FFE82B9ABFA3005C530A /* FirebaseFunctionsCombine-Community */,
				89B9FFEA2B9ABFA3005C530A /* FirebaseInAppMessaging-Beta */,
				89B9FFEC2B9ABFA3005C530A /* FirebaseInAppMessagingSwift-Beta */,
				89B9FFEE2B9ABFA3005C530A /* FirebaseInstallations */,
				89B9FFF02B9ABFA3005C530A /* FirebaseMLModelDownloader */,
				89B9FFF22B9ABFA3005C530A /* FirebaseMessaging */,
				89B9FFF42B9ABFA3005C530A /* FirebasePerformance */,
				89B9FFF62B9ABFA3005C530A /* FirebaseRemoteConfig */,
				89B9FFF82B9ABFA3005C530A /* FirebaseRemoteConfigSwift */,
				89B9FFFA2B9ABFA3005C530A /* FirebaseStorage */,
				89B9FFFC2B9ABFA3005C530A /* FirebaseStorageCombine-Community */,
				9255451A2BA2F33F007D9A94 /* AnimatedTabBar */,
			);
			productName = Triplet;
			productReference = 92FFAE522BA2EB960080CDD6 /* Triplet.app */;
			productType = "com.apple.product-type.application";
		};
/* End PBXNativeTarget section */

/* Begin PBXProject section */
		8935A41A2B7F496200F62185 /* Project object */ = {
			isa = PBXProject;
			attributes = {
				BuildIndependentTargetsInParallel = 1;
				LastSwiftUpdateCheck = 1520;
				LastUpgradeCheck = 1520;
				TargetAttributes = {
					8935A4212B7F496200F62185 = {
						CreatedOnToolsVersion = 15.2;
					};
				};
			};
			buildConfigurationList = 8935A41D2B7F496200F62185 /* Build configuration list for PBXProject "Triplet" */;
			compatibilityVersion = "Xcode 14.0";
			developmentRegion = en;
			hasScannedForEncodings = 0;
			knownRegions = (
				en,
				Base,
			);
			mainGroup = 8935A4192B7F496200F62185;
			packageReferences = (
				89BDCE4D2B8FAF1500C69895 /* XCRemoteSwiftPackageReference "PopupView" */,
				89BDCE502B8FAF6D00C69895 /* XCRemoteSwiftPackageReference "ScalingHeaderScrollView" */,
				24C780952B982B3A00552B57 /* XCRemoteSwiftPackageReference "PhoneNumberKit" */,
				89B9FFC72B9ABFA3005C530A /* XCRemoteSwiftPackageReference "firebase-ios-sdk" */,
				925545192BA2F33F007D9A94 /* XCRemoteSwiftPackageReference "AnimatedTabBar" */,
			);
			productRefGroup = 8935A4192B7F496200F62185;
			projectDirPath = "";
			projectRoot = "";
			targets = (
				8935A4212B7F496200F62185 /* Triplet */,
			);
		};
/* End PBXProject section */

/* Begin PBXResourcesBuildPhase section */
		8935A4202B7F496200F62185 /* Resources */ = {
			isa = PBXResourcesBuildPhase;
			buildActionMask = 2147483647;
			files = (
				89C1396D2B8FF0CB00DEE0CD /* Poppins-Medium.ttf in Resources */,
				92C713CE2BAC135D0067534E /* GoogleService-Info.plist in Resources */,
				89C1396E2B8FF0CB00DEE0CD /* Poppins-Bold.ttf in Resources */,
				8935A42D2B7F496300F62185 /* Preview Assets.xcassets in Resources */,
				89B3F3BA2B8FA7C600D79E5D /* Poppins-Regular.ttf in Resources */,
				8935A42A2B7F496300F62185 /* Assets.xcassets in Resources */,
				89B9FFC62B9ABF4D005C530A /* Launch Screen.storyboard in Resources */,
			);
			runOnlyForDeploymentPostprocessing = 0;
		};
/* End PBXResourcesBuildPhase section */

/* Begin PBXSourcesBuildPhase section */
		8935A41E2B7F496200F62185 /* Sources */ = {
			isa = PBXSourcesBuildPhase;
			buildActionMask = 2147483647;
			files = (
				24246BE92B97ED690028DAAF /* AddPlaceView.swift in Sources */,
				24246BFB2B97EE290028DAAF /* MapView.swift in Sources */,
				24246BF52B97ED690028DAAF /* LoginView.swift in Sources */,
				24246BF02B97ED690028DAAF /* SettingsView.swift in Sources */,
				3C51D0BC2BA2DC1700BAC49F /* apiCallsViewModel.swift in Sources */,
				24246BF22B97ED690028DAAF /* DestinationSearchView.swift in Sources */,
				24246BEC2B97ED690028DAAF /* OverviewView.swift in Sources */,
				24246BF62B97ED690028DAAF /* VerificationView.swift in Sources */,
				89BDCE442B8FAE8E00C69895 /* TripModel.swift in Sources */,
				89BDCE462B8FAEB100C69895 /* OverviewViewModel.swift in Sources */,
				24246BE82B97ED690028DAAF /* ItineraryView.swift in Sources */,
				24246BF12B97ED690028DAAF /* HomeView.swift in Sources */,
				89D806552BA4F4F800654DBC /* TripViewModel.swift in Sources */,
				3C6F6DA02BA6B9A90059DD9D /* SetBudgetView.swift in Sources */,
				89BDCE542B8FAFCF00C69895 /* DestinationViewModel.swift in Sources */,
				89D8065E2BA50B0900654DBC /* DateHelpers.swift in Sources */,
				24246BF82B97ED690028DAAF /* AlertView.swift in Sources */,
				3CE48FD12B9D324900710CCA /* ExpensesViewModel.swift in Sources */,
				8935A4262B7F496200F62185 /* TripletApp.swift in Sources */,
				24246BF32B97ED690028DAAF /* NewTripView.swift in Sources */,
				89BDCE682B8FB37600C69895 /* ItineraryViewModel.swift in Sources */,
				89BAE34C2BA25876009A710B /* TripView.swift in Sources */,
				24246BEF2B97ED690028DAAF /* AddNewExpenseView.swift in Sources */,
				89BDCE562B8FAFF500C69895 /* LocationSearchService.swift in Sources */,
				24246BEE2B97ED690028DAAF /* ExpensesView.swift in Sources */,
				128284342B81FCCD00E3E084 /* LoginViewModel.swift in Sources */,
				24246BF42B97ED690028DAAF /* MyTripsView.swift in Sources */,
				92CA7FD02BAC18F6000AF37E /* AboutUs.swift in Sources */,
				8971A0B22BA64093007B82CE /* AuthenticationModel.swift in Sources */,
				24246BEA2B97ED690028DAAF /* NoteView.swift in Sources */,
				129457E82BA18719005EFA4D /* ActiveTripView.swift in Sources */,
				24246BEB2B97ED690028DAAF /* FoodPopupView.swift in Sources */,
				89BDCE702B8FB45600C69895 /* LocationManagerService.swift in Sources */,
				24246BED2B97ED690028DAAF /* HousingPopupView.swift in Sources */,
				3C51D0BE2BA2DC3A00BAC49F /* testAPICallsView.swift in Sources */,
				89BDCE6A2B8FB3C800C69895 /* LandmarkModel.swift in Sources */,
				89621B062B915053006C0848 /* MyTripsViewModel.swift in Sources */,
				129458092BA95DA5005EFA4D /* ActiveTripViewModel.swift in Sources */,
				89D8065B2BA5084F00654DBC /* HeaderHelpers.swift in Sources */,
				24246BFC2B97EE290028DAAF /* RootView.swift in Sources */,
			);
			runOnlyForDeploymentPostprocessing = 0;
		};
/* End PBXSourcesBuildPhase section */

/* Begin XCBuildConfiguration section */
		8935A42E2B7F496300F62185 /* Debug */ = {
			isa = XCBuildConfiguration;
			baseConfigurationReference = 3C587C0B2BAAB52A00500390 /* APIConfig.xcconfig */;
			buildSettings = {
				ALWAYS_SEARCH_USER_PATHS = NO;
				ASSETCATALOG_COMPILER_GENERATE_SWIFT_ASSET_SYMBOL_EXTENSIONS = YES;
				CLANG_ANALYZER_NONNULL = YES;
				CLANG_ANALYZER_NUMBER_OBJECT_CONVERSION = YES_AGGRESSIVE;
				CLANG_CXX_LANGUAGE_STANDARD = "gnu++20";
				CLANG_ENABLE_MODULES = YES;
				CLANG_ENABLE_OBJC_ARC = YES;
				CLANG_ENABLE_OBJC_WEAK = YES;
				CLANG_WARN_BLOCK_CAPTURE_AUTORELEASING = YES;
				CLANG_WARN_BOOL_CONVERSION = YES;
				CLANG_WARN_COMMA = YES;
				CLANG_WARN_CONSTANT_CONVERSION = YES;
				CLANG_WARN_DEPRECATED_OBJC_IMPLEMENTATIONS = YES;
				CLANG_WARN_DIRECT_OBJC_ISA_USAGE = YES_ERROR;
				CLANG_WARN_DOCUMENTATION_COMMENTS = YES;
				CLANG_WARN_EMPTY_BODY = YES;
				CLANG_WARN_ENUM_CONVERSION = YES;
				CLANG_WARN_INFINITE_RECURSION = YES;
				CLANG_WARN_INT_CONVERSION = YES;
				CLANG_WARN_NON_LITERAL_NULL_CONVERSION = YES;
				CLANG_WARN_OBJC_IMPLICIT_RETAIN_SELF = YES;
				CLANG_WARN_OBJC_LITERAL_CONVERSION = YES;
				CLANG_WARN_OBJC_ROOT_CLASS = YES_ERROR;
				CLANG_WARN_QUOTED_INCLUDE_IN_FRAMEWORK_HEADER = YES;
				CLANG_WARN_RANGE_LOOP_ANALYSIS = YES;
				CLANG_WARN_STRICT_PROTOTYPES = YES;
				CLANG_WARN_SUSPICIOUS_MOVE = YES;
				CLANG_WARN_UNGUARDED_AVAILABILITY = YES_AGGRESSIVE;
				CLANG_WARN_UNREACHABLE_CODE = YES;
				CLANG_WARN__DUPLICATE_METHOD_MATCH = YES;
				COPY_PHASE_STRIP = NO;
				DEBUG_INFORMATION_FORMAT = dwarf;
				ENABLE_STRICT_OBJC_MSGSEND = YES;
				ENABLE_TESTABILITY = YES;
				ENABLE_USER_SCRIPT_SANDBOXING = YES;
				GCC_C_LANGUAGE_STANDARD = gnu17;
				GCC_DYNAMIC_NO_PIC = NO;
				GCC_NO_COMMON_BLOCKS = YES;
				GCC_OPTIMIZATION_LEVEL = 0;
				GCC_PREPROCESSOR_DEFINITIONS = (
					"DEBUG=1",
					"$(inherited)",
				);
				GCC_WARN_64_TO_32_BIT_CONVERSION = YES;
				GCC_WARN_ABOUT_RETURN_TYPE = YES_ERROR;
				GCC_WARN_UNDECLARED_SELECTOR = YES;
				GCC_WARN_UNINITIALIZED_AUTOS = YES_AGGRESSIVE;
				GCC_WARN_UNUSED_FUNCTION = YES;
				GCC_WARN_UNUSED_VARIABLE = YES;
				IPHONEOS_DEPLOYMENT_TARGET = 17.2;
				LOCALIZATION_PREFERS_STRING_CATALOGS = YES;
				MTL_ENABLE_DEBUG_INFO = INCLUDE_SOURCE;
				MTL_FAST_MATH = YES;
				ONLY_ACTIVE_ARCH = YES;
				SDKROOT = iphoneos;
				SWIFT_ACTIVE_COMPILATION_CONDITIONS = "DEBUG $(inherited)";
				SWIFT_OPTIMIZATION_LEVEL = "-Onone";
			};
			name = Debug;
		};
		8935A42F2B7F496300F62185 /* Release */ = {
			isa = XCBuildConfiguration;
			baseConfigurationReference = 3C587C0B2BAAB52A00500390 /* APIConfig.xcconfig */;
			buildSettings = {
				ALWAYS_SEARCH_USER_PATHS = NO;
				ASSETCATALOG_COMPILER_GENERATE_SWIFT_ASSET_SYMBOL_EXTENSIONS = YES;
				CLANG_ANALYZER_NONNULL = YES;
				CLANG_ANALYZER_NUMBER_OBJECT_CONVERSION = YES_AGGRESSIVE;
				CLANG_CXX_LANGUAGE_STANDARD = "gnu++20";
				CLANG_ENABLE_MODULES = YES;
				CLANG_ENABLE_OBJC_ARC = YES;
				CLANG_ENABLE_OBJC_WEAK = YES;
				CLANG_WARN_BLOCK_CAPTURE_AUTORELEASING = YES;
				CLANG_WARN_BOOL_CONVERSION = YES;
				CLANG_WARN_COMMA = YES;
				CLANG_WARN_CONSTANT_CONVERSION = YES;
				CLANG_WARN_DEPRECATED_OBJC_IMPLEMENTATIONS = YES;
				CLANG_WARN_DIRECT_OBJC_ISA_USAGE = YES_ERROR;
				CLANG_WARN_DOCUMENTATION_COMMENTS = YES;
				CLANG_WARN_EMPTY_BODY = YES;
				CLANG_WARN_ENUM_CONVERSION = YES;
				CLANG_WARN_INFINITE_RECURSION = YES;
				CLANG_WARN_INT_CONVERSION = YES;
				CLANG_WARN_NON_LITERAL_NULL_CONVERSION = YES;
				CLANG_WARN_OBJC_IMPLICIT_RETAIN_SELF = YES;
				CLANG_WARN_OBJC_LITERAL_CONVERSION = YES;
				CLANG_WARN_OBJC_ROOT_CLASS = YES_ERROR;
				CLANG_WARN_QUOTED_INCLUDE_IN_FRAMEWORK_HEADER = YES;
				CLANG_WARN_RANGE_LOOP_ANALYSIS = YES;
				CLANG_WARN_STRICT_PROTOTYPES = YES;
				CLANG_WARN_SUSPICIOUS_MOVE = YES;
				CLANG_WARN_UNGUARDED_AVAILABILITY = YES_AGGRESSIVE;
				CLANG_WARN_UNREACHABLE_CODE = YES;
				CLANG_WARN__DUPLICATE_METHOD_MATCH = YES;
				COPY_PHASE_STRIP = NO;
				DEBUG_INFORMATION_FORMAT = "dwarf-with-dsym";
				ENABLE_NS_ASSERTIONS = NO;
				ENABLE_STRICT_OBJC_MSGSEND = YES;
				ENABLE_USER_SCRIPT_SANDBOXING = YES;
				GCC_C_LANGUAGE_STANDARD = gnu17;
				GCC_NO_COMMON_BLOCKS = YES;
				GCC_WARN_64_TO_32_BIT_CONVERSION = YES;
				GCC_WARN_ABOUT_RETURN_TYPE = YES_ERROR;
				GCC_WARN_UNDECLARED_SELECTOR = YES;
				GCC_WARN_UNINITIALIZED_AUTOS = YES_AGGRESSIVE;
				GCC_WARN_UNUSED_FUNCTION = YES;
				GCC_WARN_UNUSED_VARIABLE = YES;
				IPHONEOS_DEPLOYMENT_TARGET = 17.2;
				LOCALIZATION_PREFERS_STRING_CATALOGS = YES;
				MTL_ENABLE_DEBUG_INFO = NO;
				MTL_FAST_MATH = YES;
				SDKROOT = iphoneos;
				SWIFT_COMPILATION_MODE = wholemodule;
				VALIDATE_PRODUCT = YES;
			};
			name = Release;
		};
		8935A4312B7F496300F62185 /* Debug */ = {
			isa = XCBuildConfiguration;
			buildSettings = {
				ASSETCATALOG_COMPILER_APPICON_NAME = AppIcon;
				ASSETCATALOG_COMPILER_GLOBAL_ACCENT_COLOR_NAME = AccentColor;
				CODE_SIGN_IDENTITY = "Apple Development";
				CODE_SIGN_STYLE = Automatic;
				CURRENT_PROJECT_VERSION = 1;
				DEVELOPMENT_ASSET_PATHS = "\"Triplet/Preview Content\"";
				DEVELOPMENT_TEAM = JF766DDY34;
				ENABLE_PREVIEWS = YES;
				GENERATE_INFOPLIST_FILE = YES;
				INFOPLIST_FILE = Triplet/Info.plist;
				INFOPLIST_KEY_NSLocationWhenInUseUsageDescription = "We want to access your location";
				INFOPLIST_KEY_UIApplicationSceneManifest_Generation = YES;
				INFOPLIST_KEY_UIApplicationSupportsIndirectInputEvents = YES;
				INFOPLIST_KEY_UILaunchScreen_Generation = YES;
				INFOPLIST_KEY_UILaunchStoryboardName = "Launch Screen.storyboard";
				INFOPLIST_KEY_UISupportedInterfaceOrientations_iPad = "UIInterfaceOrientationPortrait UIInterfaceOrientationPortraitUpsideDown UIInterfaceOrientationLandscapeLeft UIInterfaceOrientationLandscapeRight";
				INFOPLIST_KEY_UISupportedInterfaceOrientations_iPhone = "UIInterfaceOrientationPortrait UIInterfaceOrientationLandscapeLeft UIInterfaceOrientationLandscapeRight";
				IPHONEOS_DEPLOYMENT_TARGET = 17.1;
				LD_RUNPATH_SEARCH_PATHS = (
					"$(inherited)",
					"@executable_path/Frameworks",
				);
				MARKETING_VERSION = 1.0;
				PRODUCT_BUNDLE_IDENTIFIER = edu.ucdavis.cs.ecs189e.Triplet.Xiaolin;
				PRODUCT_NAME = "$(TARGET_NAME)";
				PROVISIONING_PROFILE_SPECIFIER = "";
				SWIFT_EMIT_LOC_STRINGS = YES;
				SWIFT_VERSION = 5.0;
				TARGETED_DEVICE_FAMILY = "1,2";
			};
			name = Debug;
		};
		8935A4322B7F496300F62185 /* Release */ = {
			isa = XCBuildConfiguration;
			buildSettings = {
				ASSETCATALOG_COMPILER_APPICON_NAME = AppIcon;
				ASSETCATALOG_COMPILER_GLOBAL_ACCENT_COLOR_NAME = AccentColor;
				CODE_SIGN_IDENTITY = "Apple Development";
				CODE_SIGN_STYLE = Automatic;
				CURRENT_PROJECT_VERSION = 1;
				DEVELOPMENT_ASSET_PATHS = "\"Triplet/Preview Content\"";
				DEVELOPMENT_TEAM = JF766DDY34;
				ENABLE_PREVIEWS = YES;
				GENERATE_INFOPLIST_FILE = YES;
				INFOPLIST_FILE = Triplet/Info.plist;
				INFOPLIST_KEY_NSLocationWhenInUseUsageDescription = "We want to access your location";
				INFOPLIST_KEY_UIApplicationSceneManifest_Generation = YES;
				INFOPLIST_KEY_UIApplicationSupportsIndirectInputEvents = YES;
				INFOPLIST_KEY_UILaunchScreen_Generation = YES;
				INFOPLIST_KEY_UILaunchStoryboardName = "Launch Screen.storyboard";
				INFOPLIST_KEY_UISupportedInterfaceOrientations_iPad = "UIInterfaceOrientationPortrait UIInterfaceOrientationPortraitUpsideDown UIInterfaceOrientationLandscapeLeft UIInterfaceOrientationLandscapeRight";
				INFOPLIST_KEY_UISupportedInterfaceOrientations_iPhone = "UIInterfaceOrientationPortrait UIInterfaceOrientationLandscapeLeft UIInterfaceOrientationLandscapeRight";
				IPHONEOS_DEPLOYMENT_TARGET = 17.1;
				LD_RUNPATH_SEARCH_PATHS = (
					"$(inherited)",
					"@executable_path/Frameworks",
				);
				MARKETING_VERSION = 1.0;
				PRODUCT_BUNDLE_IDENTIFIER = edu.ucdavis.cs.ecs189e.Triplet.Xiaolin;
				PRODUCT_NAME = "$(TARGET_NAME)";
				PROVISIONING_PROFILE_SPECIFIER = "";
				SWIFT_EMIT_LOC_STRINGS = YES;
				SWIFT_VERSION = 5.0;
				TARGETED_DEVICE_FAMILY = "1,2";
			};
			name = Release;
		};
/* End XCBuildConfiguration section */

/* Begin XCConfigurationList section */
		8935A41D2B7F496200F62185 /* Build configuration list for PBXProject "Triplet" */ = {
			isa = XCConfigurationList;
			buildConfigurations = (
				8935A42E2B7F496300F62185 /* Debug */,
				8935A42F2B7F496300F62185 /* Release */,
			);
			defaultConfigurationIsVisible = 0;
			defaultConfigurationName = Release;
		};
		8935A4302B7F496300F62185 /* Build configuration list for PBXNativeTarget "Triplet" */ = {
			isa = XCConfigurationList;
			buildConfigurations = (
				8935A4312B7F496300F62185 /* Debug */,
				8935A4322B7F496300F62185 /* Release */,
			);
			defaultConfigurationIsVisible = 0;
			defaultConfigurationName = Release;
		};
/* End XCConfigurationList section */

/* Begin XCRemoteSwiftPackageReference section */
		24C780952B982B3A00552B57 /* XCRemoteSwiftPackageReference "PhoneNumberKit" */ = {
			isa = XCRemoteSwiftPackageReference;
			repositoryURL = "https://github.com/marmelroy/PhoneNumberKit.git";
			requirement = {
				kind = upToNextMajorVersion;
				minimumVersion = 3.7.9;
			};
		};
		89B9FFC72B9ABFA3005C530A /* XCRemoteSwiftPackageReference "firebase-ios-sdk" */ = {
			isa = XCRemoteSwiftPackageReference;
			repositoryURL = "https://github.com/firebase/firebase-ios-sdk";
			requirement = {
				kind = upToNextMajorVersion;
				minimumVersion = 10.22.1;
			};
		};
		89BDCE4D2B8FAF1500C69895 /* XCRemoteSwiftPackageReference "PopupView" */ = {
			isa = XCRemoteSwiftPackageReference;
			repositoryURL = "https://github.com/exyte/PopupView";
			requirement = {
				kind = upToNextMajorVersion;
				minimumVersion = 2.9.0;
			};
		};
		89BDCE502B8FAF6D00C69895 /* XCRemoteSwiftPackageReference "ScalingHeaderScrollView" */ = {
			isa = XCRemoteSwiftPackageReference;
			repositoryURL = "https://github.com/exyte/ScalingHeaderScrollView.git";
			requirement = {
				kind = upToNextMajorVersion;
				minimumVersion = 1.1.0;
			};
		};
		925545192BA2F33F007D9A94 /* XCRemoteSwiftPackageReference "AnimatedTabBar" */ = {
			isa = XCRemoteSwiftPackageReference;
			repositoryURL = "https://github.com/exyte/AnimatedTabBar.git";
			requirement = {
				kind = upToNextMajorVersion;
				minimumVersion = 0.1.2;
			};
		};
/* End XCRemoteSwiftPackageReference section */

/* Begin XCSwiftPackageProductDependency section */
		24AD39C32B982C42005223D7 /* PhoneNumberKit */ = {
			isa = XCSwiftPackageProductDependency;
			package = 24C780952B982B3A00552B57 /* XCRemoteSwiftPackageReference "PhoneNumberKit" */;
			productName = PhoneNumberKit;
		};
		89B9FFC82B9ABFA3005C530A /* FirebaseAnalytics */ = {
			isa = XCSwiftPackageProductDependency;
			package = 89B9FFC72B9ABFA3005C530A /* XCRemoteSwiftPackageReference "firebase-ios-sdk" */;
			productName = FirebaseAnalytics;
		};
		89B9FFCA2B9ABFA3005C530A /* FirebaseAnalyticsOnDeviceConversion */ = {
			isa = XCSwiftPackageProductDependency;
			package = 89B9FFC72B9ABFA3005C530A /* XCRemoteSwiftPackageReference "firebase-ios-sdk" */;
			productName = FirebaseAnalyticsOnDeviceConversion;
		};
		89B9FFCC2B9ABFA3005C530A /* FirebaseAnalyticsSwift */ = {
			isa = XCSwiftPackageProductDependency;
			package = 89B9FFC72B9ABFA3005C530A /* XCRemoteSwiftPackageReference "firebase-ios-sdk" */;
			productName = FirebaseAnalyticsSwift;
		};
		89B9FFCE2B9ABFA3005C530A /* FirebaseAnalyticsWithoutAdIdSupport */ = {
			isa = XCSwiftPackageProductDependency;
			package = 89B9FFC72B9ABFA3005C530A /* XCRemoteSwiftPackageReference "firebase-ios-sdk" */;
			productName = FirebaseAnalyticsWithoutAdIdSupport;
		};
		89B9FFD02B9ABFA3005C530A /* FirebaseAppCheck */ = {
			isa = XCSwiftPackageProductDependency;
			package = 89B9FFC72B9ABFA3005C530A /* XCRemoteSwiftPackageReference "firebase-ios-sdk" */;
			productName = FirebaseAppCheck;
		};
		89B9FFD22B9ABFA3005C530A /* FirebaseAppDistribution-Beta */ = {
			isa = XCSwiftPackageProductDependency;
			package = 89B9FFC72B9ABFA3005C530A /* XCRemoteSwiftPackageReference "firebase-ios-sdk" */;
			productName = "FirebaseAppDistribution-Beta";
		};
		89B9FFD42B9ABFA3005C530A /* FirebaseAuth */ = {
			isa = XCSwiftPackageProductDependency;
			package = 89B9FFC72B9ABFA3005C530A /* XCRemoteSwiftPackageReference "firebase-ios-sdk" */;
			productName = FirebaseAuth;
		};
		89B9FFD62B9ABFA3005C530A /* FirebaseAuthCombine-Community */ = {
			isa = XCSwiftPackageProductDependency;
			package = 89B9FFC72B9ABFA3005C530A /* XCRemoteSwiftPackageReference "firebase-ios-sdk" */;
			productName = "FirebaseAuthCombine-Community";
		};
		89B9FFD82B9ABFA3005C530A /* FirebaseCrashlytics */ = {
			isa = XCSwiftPackageProductDependency;
			package = 89B9FFC72B9ABFA3005C530A /* XCRemoteSwiftPackageReference "firebase-ios-sdk" */;
			productName = FirebaseCrashlytics;
		};
		89B9FFDA2B9ABFA3005C530A /* FirebaseDatabase */ = {
			isa = XCSwiftPackageProductDependency;
			package = 89B9FFC72B9ABFA3005C530A /* XCRemoteSwiftPackageReference "firebase-ios-sdk" */;
			productName = FirebaseDatabase;
		};
		89B9FFDC2B9ABFA3005C530A /* FirebaseDatabaseSwift */ = {
			isa = XCSwiftPackageProductDependency;
			package = 89B9FFC72B9ABFA3005C530A /* XCRemoteSwiftPackageReference "firebase-ios-sdk" */;
			productName = FirebaseDatabaseSwift;
		};
		89B9FFDE2B9ABFA3005C530A /* FirebaseDynamicLinks */ = {
			isa = XCSwiftPackageProductDependency;
			package = 89B9FFC72B9ABFA3005C530A /* XCRemoteSwiftPackageReference "firebase-ios-sdk" */;
			productName = FirebaseDynamicLinks;
		};
		89B9FFE02B9ABFA3005C530A /* FirebaseFirestore */ = {
			isa = XCSwiftPackageProductDependency;
			package = 89B9FFC72B9ABFA3005C530A /* XCRemoteSwiftPackageReference "firebase-ios-sdk" */;
			productName = FirebaseFirestore;
		};
		89B9FFE22B9ABFA3005C530A /* FirebaseFirestoreCombine-Community */ = {
			isa = XCSwiftPackageProductDependency;
			package = 89B9FFC72B9ABFA3005C530A /* XCRemoteSwiftPackageReference "firebase-ios-sdk" */;
			productName = "FirebaseFirestoreCombine-Community";
		};
		89B9FFE42B9ABFA3005C530A /* FirebaseFirestoreSwift */ = {
			isa = XCSwiftPackageProductDependency;
			package = 89B9FFC72B9ABFA3005C530A /* XCRemoteSwiftPackageReference "firebase-ios-sdk" */;
			productName = FirebaseFirestoreSwift;
		};
		89B9FFE62B9ABFA3005C530A /* FirebaseFunctions */ = {
			isa = XCSwiftPackageProductDependency;
			package = 89B9FFC72B9ABFA3005C530A /* XCRemoteSwiftPackageReference "firebase-ios-sdk" */;
			productName = FirebaseFunctions;
		};
		89B9FFE82B9ABFA3005C530A /* FirebaseFunctionsCombine-Community */ = {
			isa = XCSwiftPackageProductDependency;
			package = 89B9FFC72B9ABFA3005C530A /* XCRemoteSwiftPackageReference "firebase-ios-sdk" */;
			productName = "FirebaseFunctionsCombine-Community";
		};
		89B9FFEA2B9ABFA3005C530A /* FirebaseInAppMessaging-Beta */ = {
			isa = XCSwiftPackageProductDependency;
			package = 89B9FFC72B9ABFA3005C530A /* XCRemoteSwiftPackageReference "firebase-ios-sdk" */;
			productName = "FirebaseInAppMessaging-Beta";
		};
		89B9FFEC2B9ABFA3005C530A /* FirebaseInAppMessagingSwift-Beta */ = {
			isa = XCSwiftPackageProductDependency;
			package = 89B9FFC72B9ABFA3005C530A /* XCRemoteSwiftPackageReference "firebase-ios-sdk" */;
			productName = "FirebaseInAppMessagingSwift-Beta";
		};
		89B9FFEE2B9ABFA3005C530A /* FirebaseInstallations */ = {
			isa = XCSwiftPackageProductDependency;
			package = 89B9FFC72B9ABFA3005C530A /* XCRemoteSwiftPackageReference "firebase-ios-sdk" */;
			productName = FirebaseInstallations;
		};
		89B9FFF02B9ABFA3005C530A /* FirebaseMLModelDownloader */ = {
			isa = XCSwiftPackageProductDependency;
			package = 89B9FFC72B9ABFA3005C530A /* XCRemoteSwiftPackageReference "firebase-ios-sdk" */;
			productName = FirebaseMLModelDownloader;
		};
		89B9FFF22B9ABFA3005C530A /* FirebaseMessaging */ = {
			isa = XCSwiftPackageProductDependency;
			package = 89B9FFC72B9ABFA3005C530A /* XCRemoteSwiftPackageReference "firebase-ios-sdk" */;
			productName = FirebaseMessaging;
		};
		89B9FFF42B9ABFA3005C530A /* FirebasePerformance */ = {
			isa = XCSwiftPackageProductDependency;
			package = 89B9FFC72B9ABFA3005C530A /* XCRemoteSwiftPackageReference "firebase-ios-sdk" */;
			productName = FirebasePerformance;
		};
		89B9FFF62B9ABFA3005C530A /* FirebaseRemoteConfig */ = {
			isa = XCSwiftPackageProductDependency;
			package = 89B9FFC72B9ABFA3005C530A /* XCRemoteSwiftPackageReference "firebase-ios-sdk" */;
			productName = FirebaseRemoteConfig;
		};
		89B9FFF82B9ABFA3005C530A /* FirebaseRemoteConfigSwift */ = {
			isa = XCSwiftPackageProductDependency;
			package = 89B9FFC72B9ABFA3005C530A /* XCRemoteSwiftPackageReference "firebase-ios-sdk" */;
			productName = FirebaseRemoteConfigSwift;
		};
		89B9FFFA2B9ABFA3005C530A /* FirebaseStorage */ = {
			isa = XCSwiftPackageProductDependency;
			package = 89B9FFC72B9ABFA3005C530A /* XCRemoteSwiftPackageReference "firebase-ios-sdk" */;
			productName = FirebaseStorage;
		};
		89B9FFFC2B9ABFA3005C530A /* FirebaseStorageCombine-Community */ = {
			isa = XCSwiftPackageProductDependency;
			package = 89B9FFC72B9ABFA3005C530A /* XCRemoteSwiftPackageReference "firebase-ios-sdk" */;
			productName = "FirebaseStorageCombine-Community";
		};
		89BDCE4E2B8FAF1500C69895 /* PopupView */ = {
			isa = XCSwiftPackageProductDependency;
			package = 89BDCE4D2B8FAF1500C69895 /* XCRemoteSwiftPackageReference "PopupView" */;
			productName = PopupView;
		};
		89BDCE512B8FAF6D00C69895 /* ScalingHeaderScrollView */ = {
			isa = XCSwiftPackageProductDependency;
			package = 89BDCE502B8FAF6D00C69895 /* XCRemoteSwiftPackageReference "ScalingHeaderScrollView" */;
			productName = ScalingHeaderScrollView;
		};
		9255451A2BA2F33F007D9A94 /* AnimatedTabBar */ = {
			isa = XCSwiftPackageProductDependency;
			package = 925545192BA2F33F007D9A94 /* XCRemoteSwiftPackageReference "AnimatedTabBar" */;
			productName = AnimatedTabBar;
		};
/* End XCSwiftPackageProductDependency section */
	};
	rootObject = 8935A41A2B7F496200F62185 /* Project object */;
}
