// !$*UTF8*$!
{
	archiveVersion = 1;
	classes = {
	};
	objectVersion = 56;
	objects = {

/* Begin PBXBuildFile section */
		1282842A2B81FC4B00E3E084 /* ContentView.swift in Sources */ = {isa = PBXBuildFile; fileRef = 128284292B81FC4B00E3E084 /* ContentView.swift */; };
		1282842C2B81FC6400E3E084 /* VerificationView.swift in Sources */ = {isa = PBXBuildFile; fileRef = 1282842B2B81FC6400E3E084 /* VerificationView.swift */; };
		1282842E2B81FC7C00E3E084 /* AlertView.swift in Sources */ = {isa = PBXBuildFile; fileRef = 1282842D2B81FC7C00E3E084 /* AlertView.swift */; };
		128284302B81FC9900E3E084 /* Login.swift in Sources */ = {isa = PBXBuildFile; fileRef = 1282842F2B81FC9900E3E084 /* Login.swift */; };
		128284322B81FCAE00E3E084 /* CustomNumPad.swift in Sources */ = {isa = PBXBuildFile; fileRef = 128284312B81FCAE00E3E084 /* CustomNumPad.swift */; };
		128284342B81FCCD00E3E084 /* LoginViewModel.swift in Sources */ = {isa = PBXBuildFile; fileRef = 128284332B81FCCD00E3E084 /* LoginViewModel.swift */; };
		12A5B5932B82D81400BF1220 /* RootView.swift in Sources */ = {isa = PBXBuildFile; fileRef = 12A5B5922B82D81400BF1220 /* RootView.swift */; };
		89031F222B7FFCE200282C88 /* FirebaseAnalytics in Frameworks */ = {isa = PBXBuildFile; productRef = 89031F212B7FFCE200282C88 /* FirebaseAnalytics */; };
		89031F242B7FFCE200282C88 /* FirebaseAnalyticsOnDeviceConversion in Frameworks */ = {isa = PBXBuildFile; productRef = 89031F232B7FFCE200282C88 /* FirebaseAnalyticsOnDeviceConversion */; };
		89031F262B7FFCE200282C88 /* FirebaseAnalyticsSwift in Frameworks */ = {isa = PBXBuildFile; productRef = 89031F252B7FFCE200282C88 /* FirebaseAnalyticsSwift */; };
		89031F282B7FFCE200282C88 /* FirebaseAnalyticsWithoutAdIdSupport in Frameworks */ = {isa = PBXBuildFile; productRef = 89031F272B7FFCE200282C88 /* FirebaseAnalyticsWithoutAdIdSupport */; };
		89031F2A2B7FFCE200282C88 /* FirebaseAppCheck in Frameworks */ = {isa = PBXBuildFile; productRef = 89031F292B7FFCE200282C88 /* FirebaseAppCheck */; };
		89031F2C2B7FFCE200282C88 /* FirebaseAppDistribution-Beta in Frameworks */ = {isa = PBXBuildFile; productRef = 89031F2B2B7FFCE200282C88 /* FirebaseAppDistribution-Beta */; };
		89031F2E2B7FFCE200282C88 /* FirebaseAuth in Frameworks */ = {isa = PBXBuildFile; productRef = 89031F2D2B7FFCE200282C88 /* FirebaseAuth */; };
		89031F302B7FFCE200282C88 /* FirebaseAuthCombine-Community in Frameworks */ = {isa = PBXBuildFile; productRef = 89031F2F2B7FFCE200282C88 /* FirebaseAuthCombine-Community */; };
		89031F322B7FFCE200282C88 /* FirebaseCrashlytics in Frameworks */ = {isa = PBXBuildFile; productRef = 89031F312B7FFCE200282C88 /* FirebaseCrashlytics */; };
		89031F342B7FFCE200282C88 /* FirebaseDatabase in Frameworks */ = {isa = PBXBuildFile; productRef = 89031F332B7FFCE200282C88 /* FirebaseDatabase */; };
		89031F362B7FFCE200282C88 /* FirebaseDatabaseSwift in Frameworks */ = {isa = PBXBuildFile; productRef = 89031F352B7FFCE200282C88 /* FirebaseDatabaseSwift */; };
		89031F382B7FFCE200282C88 /* FirebaseDynamicLinks in Frameworks */ = {isa = PBXBuildFile; productRef = 89031F372B7FFCE200282C88 /* FirebaseDynamicLinks */; };
		89031F3A2B7FFCE200282C88 /* FirebaseFirestore in Frameworks */ = {isa = PBXBuildFile; productRef = 89031F392B7FFCE200282C88 /* FirebaseFirestore */; };
		89031F3C2B7FFCE200282C88 /* FirebaseFirestoreCombine-Community in Frameworks */ = {isa = PBXBuildFile; productRef = 89031F3B2B7FFCE200282C88 /* FirebaseFirestoreCombine-Community */; };
		89031F3E2B7FFCE200282C88 /* FirebaseFirestoreSwift in Frameworks */ = {isa = PBXBuildFile; productRef = 89031F3D2B7FFCE200282C88 /* FirebaseFirestoreSwift */; };
		89031F402B7FFCE200282C88 /* FirebaseFunctions in Frameworks */ = {isa = PBXBuildFile; productRef = 89031F3F2B7FFCE200282C88 /* FirebaseFunctions */; };
		89031F422B7FFCE200282C88 /* FirebaseFunctionsCombine-Community in Frameworks */ = {isa = PBXBuildFile; productRef = 89031F412B7FFCE200282C88 /* FirebaseFunctionsCombine-Community */; };
		89031F442B7FFCE200282C88 /* FirebaseInAppMessaging-Beta in Frameworks */ = {isa = PBXBuildFile; productRef = 89031F432B7FFCE200282C88 /* FirebaseInAppMessaging-Beta */; };
		89031F462B7FFCE200282C88 /* FirebaseInAppMessagingSwift-Beta in Frameworks */ = {isa = PBXBuildFile; productRef = 89031F452B7FFCE200282C88 /* FirebaseInAppMessagingSwift-Beta */; };
		89031F482B7FFCE200282C88 /* FirebaseInstallations in Frameworks */ = {isa = PBXBuildFile; productRef = 89031F472B7FFCE200282C88 /* FirebaseInstallations */; };
		89031F4A2B7FFCE200282C88 /* FirebaseMLModelDownloader in Frameworks */ = {isa = PBXBuildFile; productRef = 89031F492B7FFCE200282C88 /* FirebaseMLModelDownloader */; };
		89031F4C2B7FFCE200282C88 /* FirebaseMessaging in Frameworks */ = {isa = PBXBuildFile; productRef = 89031F4B2B7FFCE200282C88 /* FirebaseMessaging */; };
		89031F4E2B7FFCE200282C88 /* FirebasePerformance in Frameworks */ = {isa = PBXBuildFile; productRef = 89031F4D2B7FFCE200282C88 /* FirebasePerformance */; };
		89031F502B7FFCE200282C88 /* FirebaseRemoteConfig in Frameworks */ = {isa = PBXBuildFile; productRef = 89031F4F2B7FFCE200282C88 /* FirebaseRemoteConfig */; };
		89031F522B7FFCE200282C88 /* FirebaseRemoteConfigSwift in Frameworks */ = {isa = PBXBuildFile; productRef = 89031F512B7FFCE200282C88 /* FirebaseRemoteConfigSwift */; };
		89031F542B7FFCE200282C88 /* FirebaseStorage in Frameworks */ = {isa = PBXBuildFile; productRef = 89031F532B7FFCE200282C88 /* FirebaseStorage */; };
		89031F562B7FFCE200282C88 /* FirebaseStorageCombine-Community in Frameworks */ = {isa = PBXBuildFile; productRef = 89031F552B7FFCE200282C88 /* FirebaseStorageCombine-Community */; };
		8935A4262B7F496200F62185 /* TripletApp.swift in Sources */ = {isa = PBXBuildFile; fileRef = 8935A4252B7F496200F62185 /* TripletApp.swift */; };
		8935A42A2B7F496300F62185 /* Assets.xcassets in Resources */ = {isa = PBXBuildFile; fileRef = 8935A4292B7F496300F62185 /* Assets.xcassets */; };
		8935A42D2B7F496300F62185 /* Preview Assets.xcassets in Resources */ = {isa = PBXBuildFile; fileRef = 8935A42C2B7F496300F62185 /* Preview Assets.xcassets */; };
		89B3F3A02B8FA44400D79E5D /* GoogleService-Info.plist in Resources */ = {isa = PBXBuildFile; fileRef = 89B3F39F2B8FA44400D79E5D /* GoogleService-Info.plist */; };
/* End PBXBuildFile section */

/* Begin PBXFileReference section */
		128284292B81FC4B00E3E084 /* ContentView.swift */ = {isa = PBXFileReference; lastKnownFileType = sourcecode.swift; path = ContentView.swift; sourceTree = "<group>"; };
		1282842B2B81FC6400E3E084 /* VerificationView.swift */ = {isa = PBXFileReference; lastKnownFileType = sourcecode.swift; path = VerificationView.swift; sourceTree = "<group>"; };
		1282842D2B81FC7C00E3E084 /* AlertView.swift */ = {isa = PBXFileReference; lastKnownFileType = sourcecode.swift; path = AlertView.swift; sourceTree = "<group>"; };
		1282842F2B81FC9900E3E084 /* Login.swift */ = {isa = PBXFileReference; lastKnownFileType = sourcecode.swift; path = Login.swift; sourceTree = "<group>"; };
		128284312B81FCAE00E3E084 /* CustomNumPad.swift */ = {isa = PBXFileReference; lastKnownFileType = sourcecode.swift; path = CustomNumPad.swift; sourceTree = "<group>"; };
		128284332B81FCCD00E3E084 /* LoginViewModel.swift */ = {isa = PBXFileReference; lastKnownFileType = sourcecode.swift; path = LoginViewModel.swift; sourceTree = "<group>"; };
		12A5B5922B82D81400BF1220 /* RootView.swift */ = {isa = PBXFileReference; lastKnownFileType = sourcecode.swift; path = RootView.swift; sourceTree = "<group>"; };
		89031F572B80012800282C88 /* Info.plist */ = {isa = PBXFileReference; lastKnownFileType = text.plist; path = Info.plist; sourceTree = "<group>"; };
		8935A4222B7F496200F62185 /* Triplet.app */ = {isa = PBXFileReference; explicitFileType = wrapper.application; includeInIndex = 0; path = Triplet.app; sourceTree = BUILT_PRODUCTS_DIR; };
		8935A4252B7F496200F62185 /* TripletApp.swift */ = {isa = PBXFileReference; lastKnownFileType = sourcecode.swift; path = TripletApp.swift; sourceTree = "<group>"; };
		8935A4292B7F496300F62185 /* Assets.xcassets */ = {isa = PBXFileReference; lastKnownFileType = folder.assetcatalog; path = Assets.xcassets; sourceTree = "<group>"; };
		8935A42C2B7F496300F62185 /* Preview Assets.xcassets */ = {isa = PBXFileReference; lastKnownFileType = folder.assetcatalog; path = "Preview Assets.xcassets"; sourceTree = "<group>"; };
		89B3F39F2B8FA44400D79E5D /* GoogleService-Info.plist */ = {isa = PBXFileReference; fileEncoding = 4; lastKnownFileType = text.plist.xml; path = "GoogleService-Info.plist"; sourceTree = "<group>"; };
/* End PBXFileReference section */

/* Begin PBXFrameworksBuildPhase section */
		8935A41F2B7F496200F62185 /* Frameworks */ = {
			isa = PBXFrameworksBuildPhase;
			buildActionMask = 2147483647;
			files = (
				89031F342B7FFCE200282C88 /* FirebaseDatabase in Frameworks */,
				89031F422B7FFCE200282C88 /* FirebaseFunctionsCombine-Community in Frameworks */,
				89031F3A2B7FFCE200282C88 /* FirebaseFirestore in Frameworks */,
				89031F262B7FFCE200282C88 /* FirebaseAnalyticsSwift in Frameworks */,
				89031F222B7FFCE200282C88 /* FirebaseAnalytics in Frameworks */,
				89031F242B7FFCE200282C88 /* FirebaseAnalyticsOnDeviceConversion in Frameworks */,
				89031F4A2B7FFCE200282C88 /* FirebaseMLModelDownloader in Frameworks */,
				89031F3E2B7FFCE200282C88 /* FirebaseFirestoreSwift in Frameworks */,
				89031F2A2B7FFCE200282C88 /* FirebaseAppCheck in Frameworks */,
				89031F282B7FFCE200282C88 /* FirebaseAnalyticsWithoutAdIdSupport in Frameworks */,
				89031F2E2B7FFCE200282C88 /* FirebaseAuth in Frameworks */,
				89031F322B7FFCE200282C88 /* FirebaseCrashlytics in Frameworks */,
				89031F522B7FFCE200282C88 /* FirebaseRemoteConfigSwift in Frameworks */,
				89031F442B7FFCE200282C88 /* FirebaseInAppMessaging-Beta in Frameworks */,
				89031F362B7FFCE200282C88 /* FirebaseDatabaseSwift in Frameworks */,
				89031F402B7FFCE200282C88 /* FirebaseFunctions in Frameworks */,
				89031F562B7FFCE200282C88 /* FirebaseStorageCombine-Community in Frameworks */,
				89031F502B7FFCE200282C88 /* FirebaseRemoteConfig in Frameworks */,
				89031F2C2B7FFCE200282C88 /* FirebaseAppDistribution-Beta in Frameworks */,
				89031F302B7FFCE200282C88 /* FirebaseAuthCombine-Community in Frameworks */,
				89031F4E2B7FFCE200282C88 /* FirebasePerformance in Frameworks */,
				89031F462B7FFCE200282C88 /* FirebaseInAppMessagingSwift-Beta in Frameworks */,
				89031F542B7FFCE200282C88 /* FirebaseStorage in Frameworks */,
				89031F382B7FFCE200282C88 /* FirebaseDynamicLinks in Frameworks */,
				89031F3C2B7FFCE200282C88 /* FirebaseFirestoreCombine-Community in Frameworks */,
				89031F4C2B7FFCE200282C88 /* FirebaseMessaging in Frameworks */,
				89031F482B7FFCE200282C88 /* FirebaseInstallations in Frameworks */,
			);
			runOnlyForDeploymentPostprocessing = 0;
		};
/* End PBXFrameworksBuildPhase section */

/* Begin PBXGroup section */
		128284132B81FADE00E3E084 /* Views */ = {
			isa = PBXGroup;
			children = (
				128284292B81FC4B00E3E084 /* ContentView.swift */,
				1282842B2B81FC6400E3E084 /* VerificationView.swift */,
				1282842D2B81FC7C00E3E084 /* AlertView.swift */,
				1282842F2B81FC9900E3E084 /* Login.swift */,
				128284312B81FCAE00E3E084 /* CustomNumPad.swift */,
				12A5B5922B82D81400BF1220 /* RootView.swift */,
			);
			path = Views;
			sourceTree = "<group>";
		};
		128284142B81FAE500E3E084 /* ViewModels */ = {
			isa = PBXGroup;
			children = (
				128284332B81FCCD00E3E084 /* LoginViewModel.swift */,
			);
			path = ViewModels;
			sourceTree = "<group>";
		};
		8935A4192B7F496200F62185 = {
			isa = PBXGroup;
			children = (
				8935A4242B7F496200F62185 /* Triplet */,
				8935A4232B7F496200F62185 /* Products */,
			);
			sourceTree = "<group>";
		};
		8935A4232B7F496200F62185 /* Products */ = {
			isa = PBXGroup;
			children = (
				8935A4222B7F496200F62185 /* Triplet.app */,
			);
			name = Products;
			sourceTree = "<group>";
		};
		8935A4242B7F496200F62185 /* Triplet */ = {
			isa = PBXGroup;
			children = (
				128284142B81FAE500E3E084 /* ViewModels */,
				128284132B81FADE00E3E084 /* Views */,
				8935A4252B7F496200F62185 /* TripletApp.swift */,
				89B3F39F2B8FA44400D79E5D /* GoogleService-Info.plist */,
				89031F572B80012800282C88 /* Info.plist */,
				8935A4292B7F496300F62185 /* Assets.xcassets */,
				8935A42B2B7F496300F62185 /* Preview Content */,
			);
			path = Triplet;
			sourceTree = "<group>";
		};
		8935A42B2B7F496300F62185 /* Preview Content */ = {
			isa = PBXGroup;
			children = (
				8935A42C2B7F496300F62185 /* Preview Assets.xcassets */,
			);
			path = "Preview Content";
			sourceTree = "<group>";
		};
/* End PBXGroup section */

/* Begin PBXNativeTarget section */
		8935A4212B7F496200F62185 /* Triplet */ = {
			isa = PBXNativeTarget;
			buildConfigurationList = 8935A4302B7F496300F62185 /* Build configuration list for PBXNativeTarget "Triplet" */;
			buildPhases = (
				8935A41E2B7F496200F62185 /* Sources */,
				8935A41F2B7F496200F62185 /* Frameworks */,
				8935A4202B7F496200F62185 /* Resources */,
			);
			buildRules = (
			);
			dependencies = (
			);
			name = Triplet;
			packageProductDependencies = (
				89031F212B7FFCE200282C88 /* FirebaseAnalytics */,
				89031F232B7FFCE200282C88 /* FirebaseAnalyticsOnDeviceConversion */,
				89031F252B7FFCE200282C88 /* FirebaseAnalyticsSwift */,
				89031F272B7FFCE200282C88 /* FirebaseAnalyticsWithoutAdIdSupport */,
				89031F292B7FFCE200282C88 /* FirebaseAppCheck */,
				89031F2B2B7FFCE200282C88 /* FirebaseAppDistribution-Beta */,
				89031F2D2B7FFCE200282C88 /* FirebaseAuth */,
				89031F2F2B7FFCE200282C88 /* FirebaseAuthCombine-Community */,
				89031F312B7FFCE200282C88 /* FirebaseCrashlytics */,
				89031F332B7FFCE200282C88 /* FirebaseDatabase */,
				89031F352B7FFCE200282C88 /* FirebaseDatabaseSwift */,
				89031F372B7FFCE200282C88 /* FirebaseDynamicLinks */,
				89031F392B7FFCE200282C88 /* FirebaseFirestore */,
				89031F3B2B7FFCE200282C88 /* FirebaseFirestoreCombine-Community */,
				89031F3D2B7FFCE200282C88 /* FirebaseFirestoreSwift */,
				89031F3F2B7FFCE200282C88 /* FirebaseFunctions */,
				89031F412B7FFCE200282C88 /* FirebaseFunctionsCombine-Community */,
				89031F432B7FFCE200282C88 /* FirebaseInAppMessaging-Beta */,
				89031F452B7FFCE200282C88 /* FirebaseInAppMessagingSwift-Beta */,
				89031F472B7FFCE200282C88 /* FirebaseInstallations */,
				89031F492B7FFCE200282C88 /* FirebaseMLModelDownloader */,
				89031F4B2B7FFCE200282C88 /* FirebaseMessaging */,
				89031F4D2B7FFCE200282C88 /* FirebasePerformance */,
				89031F4F2B7FFCE200282C88 /* FirebaseRemoteConfig */,
				89031F512B7FFCE200282C88 /* FirebaseRemoteConfigSwift */,
				89031F532B7FFCE200282C88 /* FirebaseStorage */,
				89031F552B7FFCE200282C88 /* FirebaseStorageCombine-Community */,
			);
			productName = Triplet;
			productReference = 8935A4222B7F496200F62185 /* Triplet.app */;
			productType = "com.apple.product-type.application";
		};
/* End PBXNativeTarget section */

/* Begin PBXProject section */
		8935A41A2B7F496200F62185 /* Project object */ = {
			isa = PBXProject;
			attributes = {
				BuildIndependentTargetsInParallel = 1;
				LastSwiftUpdateCheck = 1520;
				LastUpgradeCheck = 1520;
				TargetAttributes = {
					8935A4212B7F496200F62185 = {
						CreatedOnToolsVersion = 15.2;
					};
				};
			};
			buildConfigurationList = 8935A41D2B7F496200F62185 /* Build configuration list for PBXProject "Triplet" */;
			compatibilityVersion = "Xcode 14.0";
			developmentRegion = en;
			hasScannedForEncodings = 0;
			knownRegions = (
				en,
				Base,
			);
			mainGroup = 8935A4192B7F496200F62185;
			packageReferences = (
				89031F202B7FFCE200282C88 /* XCRemoteSwiftPackageReference "firebase-ios-sdk" */,
			);
			productRefGroup = 8935A4232B7F496200F62185 /* Products */;
			projectDirPath = "";
			projectRoot = "";
			targets = (
				8935A4212B7F496200F62185 /* Triplet */,
			);
		};
/* End PBXProject section */

/* Begin PBXResourcesBuildPhase section */
		8935A4202B7F496200F62185 /* Resources */ = {
			isa = PBXResourcesBuildPhase;
			buildActionMask = 2147483647;
			files = (
				8935A42D2B7F496300F62185 /* Preview Assets.xcassets in Resources */,
				8935A42A2B7F496300F62185 /* Assets.xcassets in Resources */,
				89B3F3A02B8FA44400D79E5D /* GoogleService-Info.plist in Resources */,
			);
			runOnlyForDeploymentPostprocessing = 0;
		};
/* End PBXResourcesBuildPhase section */

/* Begin PBXSourcesBuildPhase section */
		8935A41E2B7F496200F62185 /* Sources */ = {
			isa = PBXSourcesBuildPhase;
			buildActionMask = 2147483647;
			files = (
				12A5B5932B82D81400BF1220 /* RootView.swift in Sources */,
				1282842A2B81FC4B00E3E084 /* ContentView.swift in Sources */,
				8935A4262B7F496200F62185 /* TripletApp.swift in Sources */,
				1282842E2B81FC7C00E3E084 /* AlertView.swift in Sources */,
				128284342B81FCCD00E3E084 /* LoginViewModel.swift in Sources */,
				128284322B81FCAE00E3E084 /* CustomNumPad.swift in Sources */,
				1282842C2B81FC6400E3E084 /* VerificationView.swift in Sources */,
				128284302B81FC9900E3E084 /* Login.swift in Sources */,
			);
			runOnlyForDeploymentPostprocessing = 0;
		};
/* End PBXSourcesBuildPhase section */

/* Begin XCBuildConfiguration section */
		8935A42E2B7F496300F62185 /* Debug */ = {
			isa = XCBuildConfiguration;
			buildSettings = {
				ALWAYS_SEARCH_USER_PATHS = NO;
				ASSETCATALOG_COMPILER_GENERATE_SWIFT_ASSET_SYMBOL_EXTENSIONS = YES;
				CLANG_ANALYZER_NONNULL = YES;
				CLANG_ANALYZER_NUMBER_OBJECT_CONVERSION = YES_AGGRESSIVE;
				CLANG_CXX_LANGUAGE_STANDARD = "gnu++20";
				CLANG_ENABLE_MODULES = YES;
				CLANG_ENABLE_OBJC_ARC = YES;
				CLANG_ENABLE_OBJC_WEAK = YES;
				CLANG_WARN_BLOCK_CAPTURE_AUTORELEASING = YES;
				CLANG_WARN_BOOL_CONVERSION = YES;
				CLANG_WARN_COMMA = YES;
				CLANG_WARN_CONSTANT_CONVERSION = YES;
				CLANG_WARN_DEPRECATED_OBJC_IMPLEMENTATIONS = YES;
				CLANG_WARN_DIRECT_OBJC_ISA_USAGE = YES_ERROR;
				CLANG_WARN_DOCUMENTATION_COMMENTS = YES;
				CLANG_WARN_EMPTY_BODY = YES;
				CLANG_WARN_ENUM_CONVERSION = YES;
				CLANG_WARN_INFINITE_RECURSION = YES;
				CLANG_WARN_INT_CONVERSION = YES;
				CLANG_WARN_NON_LITERAL_NULL_CONVERSION = YES;
				CLANG_WARN_OBJC_IMPLICIT_RETAIN_SELF = YES;
				CLANG_WARN_OBJC_LITERAL_CONVERSION = YES;
				CLANG_WARN_OBJC_ROOT_CLASS = YES_ERROR;
				CLANG_WARN_QUOTED_INCLUDE_IN_FRAMEWORK_HEADER = YES;
				CLANG_WARN_RANGE_LOOP_ANALYSIS = YES;
				CLANG_WARN_STRICT_PROTOTYPES = YES;
				CLANG_WARN_SUSPICIOUS_MOVE = YES;
				CLANG_WARN_UNGUARDED_AVAILABILITY = YES_AGGRESSIVE;
				CLANG_WARN_UNREACHABLE_CODE = YES;
				CLANG_WARN__DUPLICATE_METHOD_MATCH = YES;
				COPY_PHASE_STRIP = NO;
				DEBUG_INFORMATION_FORMAT = dwarf;
				ENABLE_STRICT_OBJC_MSGSEND = YES;
				ENABLE_TESTABILITY = YES;
				ENABLE_USER_SCRIPT_SANDBOXING = YES;
				GCC_C_LANGUAGE_STANDARD = gnu17;
				GCC_DYNAMIC_NO_PIC = NO;
				GCC_NO_COMMON_BLOCKS = YES;
				GCC_OPTIMIZATION_LEVEL = 0;
				GCC_PREPROCESSOR_DEFINITIONS = (
					"DEBUG=1",
					"$(inherited)",
				);
				GCC_WARN_64_TO_32_BIT_CONVERSION = YES;
				GCC_WARN_ABOUT_RETURN_TYPE = YES_ERROR;
				GCC_WARN_UNDECLARED_SELECTOR = YES;
				GCC_WARN_UNINITIALIZED_AUTOS = YES_AGGRESSIVE;
				GCC_WARN_UNUSED_FUNCTION = YES;
				GCC_WARN_UNUSED_VARIABLE = YES;
				IPHONEOS_DEPLOYMENT_TARGET = 17.2;
				LOCALIZATION_PREFERS_STRING_CATALOGS = YES;
				MTL_ENABLE_DEBUG_INFO = INCLUDE_SOURCE;
				MTL_FAST_MATH = YES;
				ONLY_ACTIVE_ARCH = YES;
				SDKROOT = iphoneos;
				SWIFT_ACTIVE_COMPILATION_CONDITIONS = "DEBUG $(inherited)";
				SWIFT_OPTIMIZATION_LEVEL = "-Onone";
			};
			name = Debug;
		};
		8935A42F2B7F496300F62185 /* Release */ = {
			isa = XCBuildConfiguration;
			buildSettings = {
				ALWAYS_SEARCH_USER_PATHS = NO;
				ASSETCATALOG_COMPILER_GENERATE_SWIFT_ASSET_SYMBOL_EXTENSIONS = YES;
				CLANG_ANALYZER_NONNULL = YES;
				CLANG_ANALYZER_NUMBER_OBJECT_CONVERSION = YES_AGGRESSIVE;
				CLANG_CXX_LANGUAGE_STANDARD = "gnu++20";
				CLANG_ENABLE_MODULES = YES;
				CLANG_ENABLE_OBJC_ARC = YES;
				CLANG_ENABLE_OBJC_WEAK = YES;
				CLANG_WARN_BLOCK_CAPTURE_AUTORELEASING = YES;
				CLANG_WARN_BOOL_CONVERSION = YES;
				CLANG_WARN_COMMA = YES;
				CLANG_WARN_CONSTANT_CONVERSION = YES;
				CLANG_WARN_DEPRECATED_OBJC_IMPLEMENTATIONS = YES;
				CLANG_WARN_DIRECT_OBJC_ISA_USAGE = YES_ERROR;
				CLANG_WARN_DOCUMENTATION_COMMENTS = YES;
				CLANG_WARN_EMPTY_BODY = YES;
				CLANG_WARN_ENUM_CONVERSION = YES;
				CLANG_WARN_INFINITE_RECURSION = YES;
				CLANG_WARN_INT_CONVERSION = YES;
				CLANG_WARN_NON_LITERAL_NULL_CONVERSION = YES;
				CLANG_WARN_OBJC_IMPLICIT_RETAIN_SELF = YES;
				CLANG_WARN_OBJC_LITERAL_CONVERSION = YES;
				CLANG_WARN_OBJC_ROOT_CLASS = YES_ERROR;
				CLANG_WARN_QUOTED_INCLUDE_IN_FRAMEWORK_HEADER = YES;
				CLANG_WARN_RANGE_LOOP_ANALYSIS = YES;
				CLANG_WARN_STRICT_PROTOTYPES = YES;
				CLANG_WARN_SUSPICIOUS_MOVE = YES;
				CLANG_WARN_UNGUARDED_AVAILABILITY = YES_AGGRESSIVE;
				CLANG_WARN_UNREACHABLE_CODE = YES;
				CLANG_WARN__DUPLICATE_METHOD_MATCH = YES;
				COPY_PHASE_STRIP = NO;
				DEBUG_INFORMATION_FORMAT = "dwarf-with-dsym";
				ENABLE_NS_ASSERTIONS = NO;
				ENABLE_STRICT_OBJC_MSGSEND = YES;
				ENABLE_USER_SCRIPT_SANDBOXING = YES;
				GCC_C_LANGUAGE_STANDARD = gnu17;
				GCC_NO_COMMON_BLOCKS = YES;
				GCC_WARN_64_TO_32_BIT_CONVERSION = YES;
				GCC_WARN_ABOUT_RETURN_TYPE = YES_ERROR;
				GCC_WARN_UNDECLARED_SELECTOR = YES;
				GCC_WARN_UNINITIALIZED_AUTOS = YES_AGGRESSIVE;
				GCC_WARN_UNUSED_FUNCTION = YES;
				GCC_WARN_UNUSED_VARIABLE = YES;
				IPHONEOS_DEPLOYMENT_TARGET = 17.2;
				LOCALIZATION_PREFERS_STRING_CATALOGS = YES;
				MTL_ENABLE_DEBUG_INFO = NO;
				MTL_FAST_MATH = YES;
				SDKROOT = iphoneos;
				SWIFT_COMPILATION_MODE = wholemodule;
				VALIDATE_PRODUCT = YES;
			};
			name = Release;
		};
		8935A4312B7F496300F62185 /* Debug */ = {
			isa = XCBuildConfiguration;
			buildSettings = {
				ASSETCATALOG_COMPILER_APPICON_NAME = AppIcon;
				ASSETCATALOG_COMPILER_GLOBAL_ACCENT_COLOR_NAME = AccentColor;
				CODE_SIGN_STYLE = Automatic;
				CURRENT_PROJECT_VERSION = 1;
				DEVELOPMENT_ASSET_PATHS = "\"Triplet/Preview Content\"";
				DEVELOPMENT_TEAM = BLA6U58LJ2;
				ENABLE_PREVIEWS = YES;
				GENERATE_INFOPLIST_FILE = YES;
				INFOPLIST_FILE = Triplet/Info.plist;
				INFOPLIST_KEY_UIApplicationSceneManifest_Generation = YES;
				INFOPLIST_KEY_UIApplicationSupportsIndirectInputEvents = YES;
				INFOPLIST_KEY_UILaunchScreen_Generation = YES;
				INFOPLIST_KEY_UISupportedInterfaceOrientations_iPad = "UIInterfaceOrientationPortrait UIInterfaceOrientationPortraitUpsideDown UIInterfaceOrientationLandscapeLeft UIInterfaceOrientationLandscapeRight";
				INFOPLIST_KEY_UISupportedInterfaceOrientations_iPhone = "UIInterfaceOrientationPortrait UIInterfaceOrientationLandscapeLeft UIInterfaceOrientationLandscapeRight";
				IPHONEOS_DEPLOYMENT_TARGET = 17.1;
				LD_RUNPATH_SEARCH_PATHS = (
					"$(inherited)",
					"@executable_path/Frameworks",
				);
				MARKETING_VERSION = 1.0;
				PRODUCT_BUNDLE_IDENTIFIER = edu.ucdavis.cs.ecs189e.Triplet;
				PRODUCT_NAME = "$(TARGET_NAME)";
				SWIFT_EMIT_LOC_STRINGS = YES;
				SWIFT_VERSION = 5.0;
				TARGETED_DEVICE_FAMILY = "1,2";
			};
			name = Debug;
		};
		8935A4322B7F496300F62185 /* Release */ = {
			isa = XCBuildConfiguration;
			buildSettings = {
				ASSETCATALOG_COMPILER_APPICON_NAME = AppIcon;
				ASSETCATALOG_COMPILER_GLOBAL_ACCENT_COLOR_NAME = AccentColor;
				CODE_SIGN_STYLE = Automatic;
				CURRENT_PROJECT_VERSION = 1;
				DEVELOPMENT_ASSET_PATHS = "\"Triplet/Preview Content\"";
				DEVELOPMENT_TEAM = BLA6U58LJ2;
				ENABLE_PREVIEWS = YES;
				GENERATE_INFOPLIST_FILE = YES;
				INFOPLIST_FILE = Triplet/Info.plist;
				INFOPLIST_KEY_UIApplicationSceneManifest_Generation = YES;
				INFOPLIST_KEY_UIApplicationSupportsIndirectInputEvents = YES;
				INFOPLIST_KEY_UILaunchScreen_Generation = YES;
				INFOPLIST_KEY_UISupportedInterfaceOrientations_iPad = "UIInterfaceOrientationPortrait UIInterfaceOrientationPortraitUpsideDown UIInterfaceOrientationLandscapeLeft UIInterfaceOrientationLandscapeRight";
				INFOPLIST_KEY_UISupportedInterfaceOrientations_iPhone = "UIInterfaceOrientationPortrait UIInterfaceOrientationLandscapeLeft UIInterfaceOrientationLandscapeRight";
				IPHONEOS_DEPLOYMENT_TARGET = 17.1;
				LD_RUNPATH_SEARCH_PATHS = (
					"$(inherited)",
					"@executable_path/Frameworks",
				);
				MARKETING_VERSION = 1.0;
				PRODUCT_BUNDLE_IDENTIFIER = edu.ucdavis.cs.ecs189e.Triplet;
				PRODUCT_NAME = "$(TARGET_NAME)";
				SWIFT_EMIT_LOC_STRINGS = YES;
				SWIFT_VERSION = 5.0;
				TARGETED_DEVICE_FAMILY = "1,2";
			};
			name = Release;
		};
/* End XCBuildConfiguration section */

/* Begin XCConfigurationList section */
		8935A41D2B7F496200F62185 /* Build configuration list for PBXProject "Triplet" */ = {
			isa = XCConfigurationList;
			buildConfigurations = (
				8935A42E2B7F496300F62185 /* Debug */,
				8935A42F2B7F496300F62185 /* Release */,
			);
			defaultConfigurationIsVisible = 0;
			defaultConfigurationName = Release;
		};
		8935A4302B7F496300F62185 /* Build configuration list for PBXNativeTarget "Triplet" */ = {
			isa = XCConfigurationList;
			buildConfigurations = (
				8935A4312B7F496300F62185 /* Debug */,
				8935A4322B7F496300F62185 /* Release */,
			);
			defaultConfigurationIsVisible = 0;
			defaultConfigurationName = Release;
		};
/* End XCConfigurationList section */

/* Begin XCRemoteSwiftPackageReference section */
		89031F202B7FFCE200282C88 /* XCRemoteSwiftPackageReference "firebase-ios-sdk" */ = {
			isa = XCRemoteSwiftPackageReference;
			repositoryURL = "https://github.com/firebase/firebase-ios-sdk";
			requirement = {
				kind = upToNextMajorVersion;
				minimumVersion = 10.21.0;
			};
		};
/* End XCRemoteSwiftPackageReference section */

/* Begin XCSwiftPackageProductDependency section */
		89031F212B7FFCE200282C88 /* FirebaseAnalytics */ = {
			isa = XCSwiftPackageProductDependency;
			package = 89031F202B7FFCE200282C88 /* XCRemoteSwiftPackageReference "firebase-ios-sdk" */;
			productName = FirebaseAnalytics;
		};
		89031F232B7FFCE200282C88 /* FirebaseAnalyticsOnDeviceConversion */ = {
			isa = XCSwiftPackageProductDependency;
			package = 89031F202B7FFCE200282C88 /* XCRemoteSwiftPackageReference "firebase-ios-sdk" */;
			productName = FirebaseAnalyticsOnDeviceConversion;
		};
		89031F252B7FFCE200282C88 /* FirebaseAnalyticsSwift */ = {
			isa = XCSwiftPackageProductDependency;
			package = 89031F202B7FFCE200282C88 /* XCRemoteSwiftPackageReference "firebase-ios-sdk" */;
			productName = FirebaseAnalyticsSwift;
		};
		89031F272B7FFCE200282C88 /* FirebaseAnalyticsWithoutAdIdSupport */ = {
			isa = XCSwiftPackageProductDependency;
			package = 89031F202B7FFCE200282C88 /* XCRemoteSwiftPackageReference "firebase-ios-sdk" */;
			productName = FirebaseAnalyticsWithoutAdIdSupport;
		};
		89031F292B7FFCE200282C88 /* FirebaseAppCheck */ = {
			isa = XCSwiftPackageProductDependency;
			package = 89031F202B7FFCE200282C88 /* XCRemoteSwiftPackageReference "firebase-ios-sdk" */;
			productName = FirebaseAppCheck;
		};
		89031F2B2B7FFCE200282C88 /* FirebaseAppDistribution-Beta */ = {
			isa = XCSwiftPackageProductDependency;
			package = 89031F202B7FFCE200282C88 /* XCRemoteSwiftPackageReference "firebase-ios-sdk" */;
			productName = "FirebaseAppDistribution-Beta";
		};
		89031F2D2B7FFCE200282C88 /* FirebaseAuth */ = {
			isa = XCSwiftPackageProductDependency;
			package = 89031F202B7FFCE200282C88 /* XCRemoteSwiftPackageReference "firebase-ios-sdk" */;
			productName = FirebaseAuth;
		};
		89031F2F2B7FFCE200282C88 /* FirebaseAuthCombine-Community */ = {
			isa = XCSwiftPackageProductDependency;
			package = 89031F202B7FFCE200282C88 /* XCRemoteSwiftPackageReference "firebase-ios-sdk" */;
			productName = "FirebaseAuthCombine-Community";
		};
		89031F312B7FFCE200282C88 /* FirebaseCrashlytics */ = {
			isa = XCSwiftPackageProductDependency;
			package = 89031F202B7FFCE200282C88 /* XCRemoteSwiftPackageReference "firebase-ios-sdk" */;
			productName = FirebaseCrashlytics;
		};
		89031F332B7FFCE200282C88 /* FirebaseDatabase */ = {
			isa = XCSwiftPackageProductDependency;
			package = 89031F202B7FFCE200282C88 /* XCRemoteSwiftPackageReference "firebase-ios-sdk" */;
			productName = FirebaseDatabase;
		};
		89031F352B7FFCE200282C88 /* FirebaseDatabaseSwift */ = {
			isa = XCSwiftPackageProductDependency;
			package = 89031F202B7FFCE200282C88 /* XCRemoteSwiftPackageReference "firebase-ios-sdk" */;
			productName = FirebaseDatabaseSwift;
		};
		89031F372B7FFCE200282C88 /* FirebaseDynamicLinks */ = {
			isa = XCSwiftPackageProductDependency;
			package = 89031F202B7FFCE200282C88 /* XCRemoteSwiftPackageReference "firebase-ios-sdk" */;
			productName = FirebaseDynamicLinks;
		};
		89031F392B7FFCE200282C88 /* FirebaseFirestore */ = {
			isa = XCSwiftPackageProductDependency;
			package = 89031F202B7FFCE200282C88 /* XCRemoteSwiftPackageReference "firebase-ios-sdk" */;
			productName = FirebaseFirestore;
		};
		89031F3B2B7FFCE200282C88 /* FirebaseFirestoreCombine-Community */ = {
			isa = XCSwiftPackageProductDependency;
			package = 89031F202B7FFCE200282C88 /* XCRemoteSwiftPackageReference "firebase-ios-sdk" */;
			productName = "FirebaseFirestoreCombine-Community";
		};
		89031F3D2B7FFCE200282C88 /* FirebaseFirestoreSwift */ = {
			isa = XCSwiftPackageProductDependency;
			package = 89031F202B7FFCE200282C88 /* XCRemoteSwiftPackageReference "firebase-ios-sdk" */;
			productName = FirebaseFirestoreSwift;
		};
		89031F3F2B7FFCE200282C88 /* FirebaseFunctions */ = {
			isa = XCSwiftPackageProductDependency;
			package = 89031F202B7FFCE200282C88 /* XCRemoteSwiftPackageReference "firebase-ios-sdk" */;
			productName = FirebaseFunctions;
		};
		89031F412B7FFCE200282C88 /* FirebaseFunctionsCombine-Community */ = {
			isa = XCSwiftPackageProductDependency;
			package = 89031F202B7FFCE200282C88 /* XCRemoteSwiftPackageReference "firebase-ios-sdk" */;
			productName = "FirebaseFunctionsCombine-Community";
		};
		89031F432B7FFCE200282C88 /* FirebaseInAppMessaging-Beta */ = {
			isa = XCSwiftPackageProductDependency;
			package = 89031F202B7FFCE200282C88 /* XCRemoteSwiftPackageReference "firebase-ios-sdk" */;
			productName = "FirebaseInAppMessaging-Beta";
		};
		89031F452B7FFCE200282C88 /* FirebaseInAppMessagingSwift-Beta */ = {
			isa = XCSwiftPackageProductDependency;
			package = 89031F202B7FFCE200282C88 /* XCRemoteSwiftPackageReference "firebase-ios-sdk" */;
			productName = "FirebaseInAppMessagingSwift-Beta";
		};
		89031F472B7FFCE200282C88 /* FirebaseInstallations */ = {
			isa = XCSwiftPackageProductDependency;
			package = 89031F202B7FFCE200282C88 /* XCRemoteSwiftPackageReference "firebase-ios-sdk" */;
			productName = FirebaseInstallations;
		};
		89031F492B7FFCE200282C88 /* FirebaseMLModelDownloader */ = {
			isa = XCSwiftPackageProductDependency;
			package = 89031F202B7FFCE200282C88 /* XCRemoteSwiftPackageReference "firebase-ios-sdk" */;
			productName = FirebaseMLModelDownloader;
		};
		89031F4B2B7FFCE200282C88 /* FirebaseMessaging */ = {
			isa = XCSwiftPackageProductDependency;
			package = 89031F202B7FFCE200282C88 /* XCRemoteSwiftPackageReference "firebase-ios-sdk" */;
			productName = FirebaseMessaging;
		};
		89031F4D2B7FFCE200282C88 /* FirebasePerformance */ = {
			isa = XCSwiftPackageProductDependency;
			package = 89031F202B7FFCE200282C88 /* XCRemoteSwiftPackageReference "firebase-ios-sdk" */;
			productName = FirebasePerformance;
		};
		89031F4F2B7FFCE200282C88 /* FirebaseRemoteConfig */ = {
			isa = XCSwiftPackageProductDependency;
			package = 89031F202B7FFCE200282C88 /* XCRemoteSwiftPackageReference "firebase-ios-sdk" */;
			productName = FirebaseRemoteConfig;
		};
		89031F512B7FFCE200282C88 /* FirebaseRemoteConfigSwift */ = {
			isa = XCSwiftPackageProductDependency;
			package = 89031F202B7FFCE200282C88 /* XCRemoteSwiftPackageReference "firebase-ios-sdk" */;
			productName = FirebaseRemoteConfigSwift;
		};
		89031F532B7FFCE200282C88 /* FirebaseStorage */ = {
			isa = XCSwiftPackageProductDependency;
			package = 89031F202B7FFCE200282C88 /* XCRemoteSwiftPackageReference "firebase-ios-sdk" */;
			productName = FirebaseStorage;
		};
		89031F552B7FFCE200282C88 /* FirebaseStorageCombine-Community */ = {
			isa = XCSwiftPackageProductDependency;
			package = 89031F202B7FFCE200282C88 /* XCRemoteSwiftPackageReference "firebase-ios-sdk" */;
			productName = "FirebaseStorageCombine-Community";
		};
/* End XCSwiftPackageProductDependency section */
	};
	rootObject = 8935A41A2B7F496200F62185 /* Project object */;
}
